// !$*UTF8*$!
{
	archiveVersion = 1;
	classes = {
	};
	objectVersion = 77;
	objects = {

/* Begin PBXBuildFile section */
		BF199EB72DCD8CFE00E23EFF /* UserProfileView.swift in Sources */ = {isa = PBXBuildFile; fileRef = BF199EB62DCD8CFE00E23EFF /* UserProfileView.swift */; };
		BF199EBA2DCE225200E23EFF /* MockUserService.swift in Sources */ = {isa = PBXBuildFile; fileRef = BF199EB82DCE225200E23EFF /* MockUserService.swift */; };
		BF199EBB2DCE225200E23EFF /* UserServiceProtocol.swift in Sources */ = {isa = PBXBuildFile; fileRef = BF199EB92DCE225200E23EFF /* UserServiceProtocol.swift */; };
		BF199EBD2DCE226E00E23EFF /* UserProfileData.swift in Sources */ = {isa = PBXBuildFile; fileRef = BF199EBC2DCE226E00E23EFF /* UserProfileData.swift */; };
		BF199EBF2DCE228800E23EFF /* UserProfileViewModel.swift in Sources */ = {isa = PBXBuildFile; fileRef = BF199EBE2DCE228800E23EFF /* UserProfileViewModel.swift */; };
		BF37B03E2DCAC89500EC4D58 /* WorkoutCompleteView.swift in Sources */ = {isa = PBXBuildFile; fileRef = BF37B03D2DCAC89500EC4D58 /* WorkoutCompleteView.swift */; };
		BF37B03F2DCAC89500EC4D58 /* CameraExerciseView.swift in Sources */ = {isa = PBXBuildFile; fileRef = BF37B03C2DCAC89500EC4D58 /* CameraExerciseView.swift */; };
		BF37B0422DCACABE00EC4D58 /* ActivityView.swift in Sources */ = {isa = PBXBuildFile; fileRef = BF37B0402DCACABE00EC4D58 /* ActivityView.swift */; };
		BF37B0442DCACAE200EC4D58 /* AnyExerciseGraderBox.swift in Sources */ = {isa = PBXBuildFile; fileRef = BF37B0432DCACAE200EC4D58 /* AnyExerciseGraderBox.swift */; };
		BF37B0462DCADB4F00EC4D58 /* LeaderboardRowView.swift in Sources */ = {isa = PBXBuildFile; fileRef = BF37B0452DCADB4F00EC4D58 /* LeaderboardRowView.swift */; };
		BF37B0522DCC232E00EC4D58 /* ExerciseHUDView.swift in Sources */ = {isa = PBXBuildFile; fileRef = BF37B0512DCC232E00EC4D58 /* ExerciseHUDView.swift */; };
		BF37B0542DCC233F00EC4D58 /* WorkoutTimer.swift in Sources */ = {isa = PBXBuildFile; fileRef = BF37B0532DCC233F00EC4D58 /* WorkoutTimer.swift */; };
		BF37B0572DCC2CD600EC4D58 /* ProfileView.swift in Sources */ = {isa = PBXBuildFile; fileRef = BF37B0552DCC2CD600EC4D58 /* ProfileView.swift */; };
		BF50A27C2DC5870000534542 /* Montserrat-Bold.ttf in Resources */ = {isa = PBXBuildFile; fileRef = BF90A0032DBAF50000000003 /* Montserrat-Bold.ttf */; };
		BF50A27D2DC5870000534542 /* Montserrat-SemiBold.ttf in Resources */ = {isa = PBXBuildFile; fileRef = BF90A0042DBAF50000000004 /* Montserrat-SemiBold.ttf */; };
		BF50A27E2DC5870000534542 /* RobotoMono-Bold.ttf in Resources */ = {isa = PBXBuildFile; fileRef = BF90A0052DBAF50000000005 /* RobotoMono-Bold.ttf */; };
		BF50A27F2DC5870000534542 /* RobotoMono-Medium.ttf in Resources */ = {isa = PBXBuildFile; fileRef = BF90A0062DBAF50000000006 /* RobotoMono-Medium.ttf */; };
		BF50A2802DC58AAC00534542 /* Montserrat-Regular.ttf in Resources */ = {isa = PBXBuildFile; fileRef = BF90A0022DBAF50000000002 /* Montserrat-Regular.ttf */; };
		BF5D31812DC7F6C40042EE65 /* Components in Frameworks */ = {isa = PBXBuildFile; productRef = BF5D31802DC7F6C40042EE65 /* Components */; };
		BF5D31832DC7F6C40042EE65 /* DesignTokens in Frameworks */ = {isa = PBXBuildFile; productRef = BF5D31822DC7F6C40042EE65 /* DesignTokens */; };
		BF5D31852DC7F6C40042EE65 /* PTDesignSystem in Frameworks */ = {isa = PBXBuildFile; productRef = BF5D31842DC7F6C40042EE65 /* PTDesignSystem */; };
		BF63E4052DB1CF5A0037CD02 /* Enums.swift in Sources */ = {isa = PBXBuildFile; fileRef = BF63E3FD2DB1CF5A0037CD02 /* Enums.swift */; };
		BF63E4062DB1CF5A0037CD02 /* UserProfileModels.swift in Sources */ = {isa = PBXBuildFile; fileRef = BF63E4012DB1CF5A0037CD02 /* UserProfileModels.swift */; };
		BF63E4072DB1CF5A0037CD02 /* LeaderboardModels.swift in Sources */ = {isa = PBXBuildFile; fileRef = BF63E3FE2DB1CF5A0037CD02 /* LeaderboardModels.swift */; };
		BF63E4082DB1CF5A0037CD02 /* User.swift in Sources */ = {isa = PBXBuildFile; fileRef = BF63E4002DB1CF5A0037CD02 /* User.swift */; };
		BF63E4092DB1CF5A0037CD02 /* AuthModels.swift in Sources */ = {isa = PBXBuildFile; fileRef = BF63E3FC2DB1CF5A0037CD02 /* AuthModels.swift */; };
		BF63E40A2DB1CF5A0037CD02 /* WorkoutModels.swift in Sources */ = {isa = PBXBuildFile; fileRef = BF63E4022DB1CF5A0037CD02 /* WorkoutModels.swift */; };
		BF63E40B2DB1CF5A0037CD02 /* WorkoutResultSwiftData.swift in Sources */ = {isa = PBXBuildFile; fileRef = BF63E4032DB1CF5A0037CD02 /* WorkoutResultSwiftData.swift */; };
		BF63E40C2DB1CF5A0037CD02 /* PoseModels.swift in Sources */ = {isa = PBXBuildFile; fileRef = BF63E3FF2DB1CF5A0037CD02 /* PoseModels.swift */; };
		BF63E4222DB1EB830037CD02 /* NetworkClient.swift in Sources */ = {isa = PBXBuildFile; fileRef = BF63E41C2DB1EB830037CD02 /* NetworkClient.swift */; };
		BF63E4232DB1EB830037CD02 /* BluetoothServiceProtocol.swift in Sources */ = {isa = PBXBuildFile; fileRef = BF63E4132DB1EB830037CD02 /* BluetoothServiceProtocol.swift */; };
		BF63E4242DB1EB830037CD02 /* PoseDetectorService.swift in Sources */ = {isa = PBXBuildFile; fileRef = BF63E41D2DB1EB830037CD02 /* PoseDetectorService.swift */; };
		BF63E4252DB1EB830037CD02 /* CameraService.swift in Sources */ = {isa = PBXBuildFile; fileRef = BF63E4142DB1EB830037CD02 /* CameraService.swift */; };
		BF63E4262DB1EB830037CD02 /* LocationServiceProtocol.swift in Sources */ = {isa = PBXBuildFile; fileRef = BF63E41B2DB1EB830037CD02 /* LocationServiceProtocol.swift */; };
		BF63E4272DB1EB830037CD02 /* BluetoothService.swift in Sources */ = {isa = PBXBuildFile; fileRef = BF63E4122DB1EB830037CD02 /* BluetoothService.swift */; };
		BF63E4282DB1EB830037CD02 /* AuthServiceProtocol.swift in Sources */ = {isa = PBXBuildFile; fileRef = BF63E4112DB1EB830037CD02 /* AuthServiceProtocol.swift */; };
		BF63E4292DB1EB830037CD02 /* LocationService.swift in Sources */ = {isa = PBXBuildFile; fileRef = BF63E41A2DB1EB830037CD02 /* LocationService.swift */; };
		BF63E42A2DB1EB830037CD02 /* LeaderboardService.swift in Sources */ = {isa = PBXBuildFile; fileRef = BF63E4182DB1EB830037CD02 /* LeaderboardService.swift */; };
		BF63E42B2DB1EB830037CD02 /* AuthService.swift in Sources */ = {isa = PBXBuildFile; fileRef = BF63E4102DB1EB830037CD02 /* AuthService.swift */; };
		BF63E42C2DB1EB830037CD02 /* PoseDetectorServiceProtocol.swift in Sources */ = {isa = PBXBuildFile; fileRef = BF63E41E2DB1EB830037CD02 /* PoseDetectorServiceProtocol.swift */; };
		BF63E42D2DB1EB830037CD02 /* LeaderboardServiceProtocol.swift in Sources */ = {isa = PBXBuildFile; fileRef = BF63E4192DB1EB830037CD02 /* LeaderboardServiceProtocol.swift */; };
		BF63E42E2DB1EB830037CD02 /* KeychainServiceProtocol.swift in Sources */ = {isa = PBXBuildFile; fileRef = BF63E4172DB1EB830037CD02 /* KeychainServiceProtocol.swift */; };
		BF63E42F2DB1EB830037CD02 /* WorkoutService.swift in Sources */ = {isa = PBXBuildFile; fileRef = BF63E41F2DB1EB830037CD02 /* WorkoutService.swift */; };
		BF63E4302DB1EB830037CD02 /* CameraServiceProtocol.swift in Sources */ = {isa = PBXBuildFile; fileRef = BF63E4152DB1EB830037CD02 /* CameraServiceProtocol.swift */; };
		BF63E4312DB1EB830037CD02 /* KeychainService.swift in Sources */ = {isa = PBXBuildFile; fileRef = BF63E4162DB1EB830037CD02 /* KeychainService.swift */; };
		BF63E4322DB1EB830037CD02 /* WorkoutServiceProtocol.swift in Sources */ = {isa = PBXBuildFile; fileRef = BF63E4202DB1EB830037CD02 /* WorkoutServiceProtocol.swift */; };
		BF63E44B2DB1EB980037CD02 /* LoginView.swift in Sources */ = {isa = PBXBuildFile; fileRef = BF63E4332DB1EB980037CD02 /* LoginView.swift */; };
		BF63E44C2DB1EB980037CD02 /* RunWorkoutView.swift in Sources */ = {isa = PBXBuildFile; fileRef = BF63E4452DB1EB980037CD02 /* RunWorkoutView.swift */; };
		BF63E44D2DB1EB980037CD02 /* PoseOverlayView.swift in Sources */ = {isa = PBXBuildFile; fileRef = BF63E4442DB1EB980037CD02 /* PoseOverlayView.swift */; };
		BF63E44E2DB1EB980037CD02 /* SettingsView.swift in Sources */ = {isa = PBXBuildFile; fileRef = BF63E43F2DB1EB980037CD02 /* SettingsView.swift */; };
		BF63E44F2DB1EB980037CD02 /* WorkoutHistoryView.swift in Sources */ = {isa = PBXBuildFile; fileRef = BF63E4382DB1EB980037CD02 /* WorkoutHistoryView.swift */; };
		BF63E4502DB1EB980037CD02 /* WorkoutSessionView.swift in Sources */ = {isa = PBXBuildFile; fileRef = BF63E4472DB1EB980037CD02 /* WorkoutSessionView.swift */; };
		BF63E4512DB1EB980037CD02 /* ProgressView.swift in Sources */ = {isa = PBXBuildFile; fileRef = BF63E43C2DB1EB980037CD02 /* ProgressView.swift */; };
		BF63E4522DB1EB980037CD02 /* RegistrationView.swift in Sources */ = {isa = PBXBuildFile; fileRef = BF63E4342DB1EB980037CD02 /* RegistrationView.swift */; };
		BF63E4532DB1EB980037CD02 /* WorkoutSelectionView.swift in Sources */ = {isa = PBXBuildFile; fileRef = BF63E4462DB1EB980037CD02 /* WorkoutSelectionView.swift */; };
		BF63E4542DB1EB980037CD02 /* CameraPreviewView.swift in Sources */ = {isa = PBXBuildFile; fileRef = BF63E4412DB1EB980037CD02 /* CameraPreviewView.swift */; };
		BF63E4552DB1EB980037CD02 /* LeaderboardView.swift in Sources */ = {isa = PBXBuildFile; fileRef = BF63E43A2DB1EB980037CD02 /* LeaderboardView.swift */; };
		BF63E4562DB1EB980037CD02 /* ContentView.swift in Sources */ = {isa = PBXBuildFile; fileRef = BF63E4492DB1EB980037CD02 /* ContentView.swift */; };
		BF63E4572DB1EB980037CD02 /* DeviceScanningView.swift in Sources */ = {isa = PBXBuildFile; fileRef = BF63E4422DB1EB980037CD02 /* DeviceScanningView.swift */; };
		BF63E4582DB1EB980037CD02 /* DashboardView.swift in Sources */ = {isa = PBXBuildFile; fileRef = BF63E4362DB1EB980037CD02 /* DashboardView.swift */; };
		BF63E4602DB1EBA40037CD02 /* ProgressViewModel.swift in Sources */ = {isa = PBXBuildFile; fileRef = BF63E45C2DB1EBA40037CD02 /* ProgressViewModel.swift */; };
		BF63E4612DB1EBA40037CD02 /* LeaderboardViewModel.swift in Sources */ = {isa = PBXBuildFile; fileRef = BF63E45B2DB1EBA40037CD02 /* LeaderboardViewModel.swift */; };
		BF63E4622DB1EBA40037CD02 /* WorkoutViewModel.swift in Sources */ = {isa = PBXBuildFile; fileRef = BF63E45E2DB1EBA40037CD02 /* WorkoutViewModel.swift */; };
		BF63E4632DB1EBA40037CD02 /* AuthViewModel.swift in Sources */ = {isa = PBXBuildFile; fileRef = BF63E4592DB1EBA40037CD02 /* AuthViewModel.swift */; };
		BF63E4642DB1EBA40037CD02 /* DeviceScanningViewModel.swift in Sources */ = {isa = PBXBuildFile; fileRef = BF63E45A2DB1EBA40037CD02 /* DeviceScanningViewModel.swift */; };
		BF63E4652DB1EBA40037CD02 /* RunWorkoutViewModel.swift in Sources */ = {isa = PBXBuildFile; fileRef = BF63E45D2DB1EBA40037CD02 /* RunWorkoutViewModel.swift */; };
		BF63E46B2DB1EBAF0037CD02 /* PullupGrader.swift in Sources */ = {isa = PBXBuildFile; fileRef = BF63E4672DB1EBAF0037CD02 /* PullupGrader.swift */; };
		BF63E46C2DB1EBAF0037CD02 /* ExerciseGraderProtocol.swift in Sources */ = {isa = PBXBuildFile; fileRef = BF63E4662DB1EBAF0037CD02 /* ExerciseGraderProtocol.swift */; };
		BF63E46D2DB1EBAF0037CD02 /* SitupGrader.swift in Sources */ = {isa = PBXBuildFile; fileRef = BF63E4692DB1EBAF0037CD02 /* SitupGrader.swift */; };
		BF63E46E2DB1EBAF0037CD02 /* PushupGrader.swift in Sources */ = {isa = PBXBuildFile; fileRef = BF63E4682DB1EBAF0037CD02 /* PushupGrader.swift */; };
		BF63E4722DB1F3910037CD02 /* WorkoutHistoryRow.swift in Sources */ = {isa = PBXBuildFile; fileRef = BF63E4712DB1F3910037CD02 /* WorkoutHistoryRow.swift */; };
		BF63E4742DB2937C0037CD02 /* PTChampionApp.swift in Sources */ = {isa = PBXBuildFile; fileRef = BF63E4732DB2937C0037CD02 /* PTChampionApp.swift */; };
		BF63E4762DB453140037CD02 /* pt_champion_logo.png in Resources */ = {isa = PBXBuildFile; fileRef = BF63E4752DB453140037CD02 /* pt_champion_logo.png */; };
		BF63E4782DB454230037CD02 /* Assets.xcassets in Resources */ = {isa = PBXBuildFile; fileRef = BF63E4772DB454230037CD02 /* Assets.xcassets */; };
		BF89EB432DC98E5C003F8FE3 /* ComponentGalleryView.swift in Sources */ = {isa = PBXBuildFile; fileRef = BF89EB412DC98E5C003F8FE3 /* ComponentGalleryView.swift */; };
		BF89EB442DC98E5C003F8FE3 /* ExerciseDetailView.swift in Sources */ = {isa = PBXBuildFile; fileRef = BF89EB422DC98E5C003F8FE3 /* ExerciseDetailView.swift */; };
		BF89EB472DC98E6A003F8FE3 /* FeatureFlagViewExtensions.swift in Sources */ = {isa = PBXBuildFile; fileRef = BF89EB452DC98E6A003F8FE3 /* FeatureFlagViewExtensions.swift */; };
		BF89EB492DC98E8A003F8FE3 /* CommonNetworkTypes.swift in Sources */ = {isa = PBXBuildFile; fileRef = BF89EB482DC98E8A003F8FE3 /* CommonNetworkTypes.swift */; };
		BF89EB4B2DC98E9B003F8FE3 /* WorkoutDataPoint.swift in Sources */ = {isa = PBXBuildFile; fileRef = BF89EB4A2DC98E9B003F8FE3 /* WorkoutDataPoint.swift */; };
		BF89EB4E2DC99462003F8FE3 /* SwiftUI.framework in Frameworks */ = {isa = PBXBuildFile; fileRef = BF89EB4D2DC99462003F8FE3 /* SwiftUI.framework */; };
		BF89EB512DC9A18C003F8FE3 /* ValidationStateExtension.swift in Sources */ = {isa = PBXBuildFile; fileRef = BF89EB502DC9A18C003F8FE3 /* ValidationStateExtension.swift */; };
		BF89EB522DC9A18C003F8FE3 /* BadgeType.swift in Sources */ = {isa = PBXBuildFile; fileRef = BF89EB4F2DC9A18C003F8FE3 /* BadgeType.swift */; };
		BF89EB552DC9A1A7003F8FE3 /* WorkoutProgressChart.swift in Sources */ = {isa = PBXBuildFile; fileRef = BF89EB532DC9A1A7003F8FE3 /* WorkoutProgressChart.swift */; };
		BF89EB572DC9A47E003F8FE3 /* MetricData.swift in Sources */ = {isa = PBXBuildFile; fileRef = BF89EB562DC9A47E003F8FE3 /* MetricData.swift */; };
		BF8F678E2DC920D80065A2D7 /* BodyPoseDetectionView.swift in Sources */ = {isa = PBXBuildFile; fileRef = BF8F678C2DC920D80065A2D7 /* BodyPoseDetectionView.swift */; };
		BF8F678F2DC920D80065A2D7 /* PoseDetectionDemoView.swift in Sources */ = {isa = PBXBuildFile; fileRef = BF8F678D2DC920D80065A2D7 /* PoseDetectionDemoView.swift */; };
		BF8F67912DC928E40065A2D7 /* CameraPermissionRequestView.swift in Sources */ = {isa = PBXBuildFile; fileRef = BF8F67902DC928E40065A2D7 /* CameraPermissionRequestView.swift */; };
		BF8F67932DC930C90065A2D7 /* WorkoutDetailView.swift in Sources */ = {isa = PBXBuildFile; fileRef = BF8F67922DC930C90065A2D7 /* WorkoutDetailView.swift */; };
		BF8F67962DC931190065A2D7 /* DashboardViewModel.swift in Sources */ = {isa = PBXBuildFile; fileRef = BF8F67942DC931190065A2D7 /* DashboardViewModel.swift */; };
		BF8F67972DC931190065A2D7 /* WorkoutHistoryViewModel.swift in Sources */ = {isa = PBXBuildFile; fileRef = BF8F67952DC931190065A2D7 /* WorkoutHistoryViewModel.swift */; };
		BF8F67A32DC931750065A2D7 /* AppModels.swift in Sources */ = {isa = PBXBuildFile; fileRef = BF8F67A22DC931750065A2D7 /* AppModels.swift */; };
		BFADF9A12DC93D280016AF0B /* AppAppearance.swift in Sources */ = {isa = PBXBuildFile; fileRef = BFADF99F2DC93D280016AF0B /* AppAppearance.swift */; };
		BFADF9A22DC93D280016AF0B /* UIColorContrastChecker.swift in Sources */ = {isa = PBXBuildFile; fileRef = BFADF9A02DC93D280016AF0B /* UIColorContrastChecker.swift */; };
		BFADF9B12DC93D890016AF0B /* Toast.swift in Sources */ = {isa = PBXBuildFile; fileRef = BFADF9AC2DC93D890016AF0B /* Toast.swift */; };
		BFADF9B32DC93D890016AF0B /* StatCard.swift in Sources */ = {isa = PBXBuildFile; fileRef = BFADF9AB2DC93D890016AF0B /* StatCard.swift */; };
		BFADF9B52DC93D890016AF0B /* SettingsSheet.swift in Sources */ = {isa = PBXBuildFile; fileRef = BFADF9A92DC93D890016AF0B /* SettingsSheet.swift */; };
		BFADF9B62DC93D890016AF0B /* DashboardHeader.swift in Sources */ = {isa = PBXBuildFile; fileRef = BFADF9A52DC93D890016AF0B /* DashboardHeader.swift */; };
		BFADF9B72DC93D890016AF0B /* Badge.swift in Sources */ = {isa = PBXBuildFile; fileRef = BFADF9A32DC93D890016AF0B /* Badge.swift */; };
		BFADF9B82DC93D890016AF0B /* Spinner.swift in Sources */ = {isa = PBXBuildFile; fileRef = BFADF9AA2DC93D890016AF0B /* Spinner.swift */; };
		BFADF9B92DC93D890016AF0B /* FocusableTextField.swift in Sources */ = {isa = PBXBuildFile; fileRef = BFADF9A62DC93D890016AF0B /* FocusableTextField.swift */; };
		BFADF9BA2DC93D890016AF0B /* WorkoutCard.swift in Sources */ = {isa = PBXBuildFile; fileRef = BFADF9AD2DC93D890016AF0B /* WorkoutCard.swift */; };
		BFADF9BB2DC93D890016AF0B /* MetricCard.swift in Sources */ = {isa = PBXBuildFile; fileRef = BFADF9A72DC93D890016AF0B /* MetricCard.swift */; };
		BFADF9BC2DC93D890016AF0B /* WorkoutHistoryList.swift in Sources */ = {isa = PBXBuildFile; fileRef = BFADF9AE2DC93D890016AF0B /* WorkoutHistoryList.swift */; };
		BFADF9BE2DC93DE90016AF0B /* LeaderboardRowPlaceholder.swift in Sources */ = {isa = PBXBuildFile; fileRef = BFADF9BD2DC93DE90016AF0B /* LeaderboardRowPlaceholder.swift */; };
		BFADF9C42DC93E0A0016AF0B /* WorkoutPersistenceService.swift in Sources */ = {isa = PBXBuildFile; fileRef = BFADF9C32DC93E0A0016AF0B /* WorkoutPersistenceService.swift */; };
		BFADF9C52DC93E0A0016AF0B /* WasmerGrading.swift in Sources */ = {isa = PBXBuildFile; fileRef = BFADF9C22DC93E0A0016AF0B /* WasmerGrading.swift */; };
		BFADF9C62DC93E0A0016AF0B /* NetworkService.swift in Sources */ = {isa = PBXBuildFile; fileRef = BFADF9C02DC93E0A0016AF0B /* NetworkService.swift */; };
		BFADF9C72DC93E0A0016AF0B /* FeatureFlagService.swift in Sources */ = {isa = PBXBuildFile; fileRef = BFADF9BF2DC93E0A0016AF0B /* FeatureFlagService.swift */; };
		BFADF9C82DC93E0A0016AF0B /* UnifiedNetworkService.swift in Sources */ = {isa = PBXBuildFile; fileRef = BFADF9C12DC93E0A0016AF0B /* UnifiedNetworkService.swift */; };
/* End PBXBuildFile section */

/* Begin PBXContainerItemProxy section */
		BF63E3C92DB1C84F0037CD02 /* PBXContainerItemProxy */ = {
			isa = PBXContainerItemProxy;
			containerPortal = BF63E3B12DB1C84E0037CD02 /* Project object */;
			proxyType = 1;
			remoteGlobalIDString = BF63E3B82DB1C84E0037CD02;
			remoteInfo = ptchampion;
		};
		BF63E3D32DB1C84F0037CD02 /* PBXContainerItemProxy */ = {
			isa = PBXContainerItemProxy;
			containerPortal = BF63E3B12DB1C84E0037CD02 /* Project object */;
			proxyType = 1;
			remoteGlobalIDString = BF63E3B82DB1C84E0037CD02;
			remoteInfo = ptchampion;
		};
/* End PBXContainerItemProxy section */

/* Begin PBXFileReference section */
		BF199EB62DCD8CFE00E23EFF /* UserProfileView.swift */ = {isa = PBXFileReference; lastKnownFileType = sourcecode.swift; path = UserProfileView.swift; sourceTree = "<group>"; };
		BF199EB82DCE225200E23EFF /* MockUserService.swift */ = {isa = PBXFileReference; lastKnownFileType = sourcecode.swift; path = MockUserService.swift; sourceTree = "<group>"; };
		BF199EB92DCE225200E23EFF /* UserServiceProtocol.swift */ = {isa = PBXFileReference; lastKnownFileType = sourcecode.swift; path = UserServiceProtocol.swift; sourceTree = "<group>"; };
		BF199EBC2DCE226E00E23EFF /* UserProfileData.swift */ = {isa = PBXFileReference; lastKnownFileType = sourcecode.swift; path = UserProfileData.swift; sourceTree = "<group>"; };
		BF199EBE2DCE228800E23EFF /* UserProfileViewModel.swift */ = {isa = PBXFileReference; lastKnownFileType = sourcecode.swift; path = UserProfileViewModel.swift; sourceTree = "<group>"; };
		BF37B03C2DCAC89500EC4D58 /* CameraExerciseView.swift */ = {isa = PBXFileReference; lastKnownFileType = sourcecode.swift; path = CameraExerciseView.swift; sourceTree = "<group>"; };
		BF37B03D2DCAC89500EC4D58 /* WorkoutCompleteView.swift */ = {isa = PBXFileReference; lastKnownFileType = sourcecode.swift; path = WorkoutCompleteView.swift; sourceTree = "<group>"; };
		BF37B0402DCACABE00EC4D58 /* ActivityView.swift */ = {isa = PBXFileReference; lastKnownFileType = sourcecode.swift; path = ActivityView.swift; sourceTree = "<group>"; };
		BF37B0432DCACAE200EC4D58 /* AnyExerciseGraderBox.swift */ = {isa = PBXFileReference; lastKnownFileType = sourcecode.swift; path = AnyExerciseGraderBox.swift; sourceTree = "<group>"; };
		BF37B0452DCADB4F00EC4D58 /* LeaderboardRowView.swift */ = {isa = PBXFileReference; lastKnownFileType = sourcecode.swift; path = LeaderboardRowView.swift; sourceTree = "<group>"; };
		BF37B0512DCC232E00EC4D58 /* ExerciseHUDView.swift */ = {isa = PBXFileReference; lastKnownFileType = sourcecode.swift; path = ExerciseHUDView.swift; sourceTree = "<group>"; };
		BF37B0532DCC233F00EC4D58 /* WorkoutTimer.swift */ = {isa = PBXFileReference; lastKnownFileType = sourcecode.swift; path = WorkoutTimer.swift; sourceTree = "<group>"; };
		BF37B0552DCC2CD600EC4D58 /* ProfileView.swift */ = {isa = PBXFileReference; lastKnownFileType = sourcecode.swift; path = ProfileView.swift; sourceTree = "<group>"; };
		BF63E3B92DB1C84E0037CD02 /* ptchampion.app */ = {isa = PBXFileReference; explicitFileType = wrapper.application; includeInIndex = 0; path = ptchampion.app; sourceTree = BUILT_PRODUCTS_DIR; };
		BF63E3C82DB1C84F0037CD02 /* ptchampionTests.xctest */ = {isa = PBXFileReference; explicitFileType = wrapper.cfbundle; includeInIndex = 0; path = ptchampionTests.xctest; sourceTree = BUILT_PRODUCTS_DIR; };
		BF63E3D22DB1C84F0037CD02 /* ptchampionUITests.xctest */ = {isa = PBXFileReference; explicitFileType = wrapper.cfbundle; includeInIndex = 0; path = ptchampionUITests.xctest; sourceTree = BUILT_PRODUCTS_DIR; };
		BF63E3FC2DB1CF5A0037CD02 /* AuthModels.swift */ = {isa = PBXFileReference; lastKnownFileType = sourcecode.swift; path = AuthModels.swift; sourceTree = "<group>"; };
		BF63E3FD2DB1CF5A0037CD02 /* Enums.swift */ = {isa = PBXFileReference; lastKnownFileType = sourcecode.swift; path = Enums.swift; sourceTree = "<group>"; };
		BF63E3FE2DB1CF5A0037CD02 /* LeaderboardModels.swift */ = {isa = PBXFileReference; lastKnownFileType = sourcecode.swift; path = LeaderboardModels.swift; sourceTree = "<group>"; };
		BF63E3FF2DB1CF5A0037CD02 /* PoseModels.swift */ = {isa = PBXFileReference; lastKnownFileType = sourcecode.swift; path = PoseModels.swift; sourceTree = "<group>"; };
		BF63E4002DB1CF5A0037CD02 /* User.swift */ = {isa = PBXFileReference; lastKnownFileType = sourcecode.swift; path = User.swift; sourceTree = "<group>"; };
		BF63E4012DB1CF5A0037CD02 /* UserProfileModels.swift */ = {isa = PBXFileReference; lastKnownFileType = sourcecode.swift; path = UserProfileModels.swift; sourceTree = "<group>"; };
		BF63E4022DB1CF5A0037CD02 /* WorkoutModels.swift */ = {isa = PBXFileReference; lastKnownFileType = sourcecode.swift; path = WorkoutModels.swift; sourceTree = "<group>"; };
		BF63E4032DB1CF5A0037CD02 /* WorkoutResultSwiftData.swift */ = {isa = PBXFileReference; lastKnownFileType = sourcecode.swift; path = WorkoutResultSwiftData.swift; sourceTree = "<group>"; };
		BF63E4102DB1EB830037CD02 /* AuthService.swift */ = {isa = PBXFileReference; lastKnownFileType = sourcecode.swift; path = AuthService.swift; sourceTree = "<group>"; };
		BF63E4112DB1EB830037CD02 /* AuthServiceProtocol.swift */ = {isa = PBXFileReference; lastKnownFileType = sourcecode.swift; path = AuthServiceProtocol.swift; sourceTree = "<group>"; };
		BF63E4122DB1EB830037CD02 /* BluetoothService.swift */ = {isa = PBXFileReference; lastKnownFileType = sourcecode.swift; path = BluetoothService.swift; sourceTree = "<group>"; };
		BF63E4132DB1EB830037CD02 /* BluetoothServiceProtocol.swift */ = {isa = PBXFileReference; lastKnownFileType = sourcecode.swift; path = BluetoothServiceProtocol.swift; sourceTree = "<group>"; };
		BF63E4142DB1EB830037CD02 /* CameraService.swift */ = {isa = PBXFileReference; lastKnownFileType = sourcecode.swift; path = CameraService.swift; sourceTree = "<group>"; };
		BF63E4152DB1EB830037CD02 /* CameraServiceProtocol.swift */ = {isa = PBXFileReference; lastKnownFileType = sourcecode.swift; path = CameraServiceProtocol.swift; sourceTree = "<group>"; };
		BF63E4162DB1EB830037CD02 /* KeychainService.swift */ = {isa = PBXFileReference; lastKnownFileType = sourcecode.swift; path = KeychainService.swift; sourceTree = "<group>"; };
		BF63E4172DB1EB830037CD02 /* KeychainServiceProtocol.swift */ = {isa = PBXFileReference; lastKnownFileType = sourcecode.swift; path = KeychainServiceProtocol.swift; sourceTree = "<group>"; };
		BF63E4182DB1EB830037CD02 /* LeaderboardService.swift */ = {isa = PBXFileReference; lastKnownFileType = sourcecode.swift; path = LeaderboardService.swift; sourceTree = "<group>"; };
		BF63E4192DB1EB830037CD02 /* LeaderboardServiceProtocol.swift */ = {isa = PBXFileReference; lastKnownFileType = sourcecode.swift; path = LeaderboardServiceProtocol.swift; sourceTree = "<group>"; };
		BF63E41A2DB1EB830037CD02 /* LocationService.swift */ = {isa = PBXFileReference; lastKnownFileType = sourcecode.swift; path = LocationService.swift; sourceTree = "<group>"; };
		BF63E41B2DB1EB830037CD02 /* LocationServiceProtocol.swift */ = {isa = PBXFileReference; lastKnownFileType = sourcecode.swift; path = LocationServiceProtocol.swift; sourceTree = "<group>"; };
		BF63E41C2DB1EB830037CD02 /* NetworkClient.swift */ = {isa = PBXFileReference; lastKnownFileType = sourcecode.swift; path = NetworkClient.swift; sourceTree = "<group>"; };
		BF63E41D2DB1EB830037CD02 /* PoseDetectorService.swift */ = {isa = PBXFileReference; lastKnownFileType = sourcecode.swift; path = PoseDetectorService.swift; sourceTree = "<group>"; };
		BF63E41E2DB1EB830037CD02 /* PoseDetectorServiceProtocol.swift */ = {isa = PBXFileReference; lastKnownFileType = sourcecode.swift; path = PoseDetectorServiceProtocol.swift; sourceTree = "<group>"; };
		BF63E41F2DB1EB830037CD02 /* WorkoutService.swift */ = {isa = PBXFileReference; lastKnownFileType = sourcecode.swift; path = WorkoutService.swift; sourceTree = "<group>"; };
		BF63E4202DB1EB830037CD02 /* WorkoutServiceProtocol.swift */ = {isa = PBXFileReference; lastKnownFileType = sourcecode.swift; path = WorkoutServiceProtocol.swift; sourceTree = "<group>"; };
		BF63E4332DB1EB980037CD02 /* LoginView.swift */ = {isa = PBXFileReference; lastKnownFileType = sourcecode.swift; path = LoginView.swift; sourceTree = "<group>"; };
		BF63E4342DB1EB980037CD02 /* RegistrationView.swift */ = {isa = PBXFileReference; lastKnownFileType = sourcecode.swift; path = RegistrationView.swift; sourceTree = "<group>"; };
		BF63E4362DB1EB980037CD02 /* DashboardView.swift */ = {isa = PBXFileReference; lastKnownFileType = sourcecode.swift; path = DashboardView.swift; sourceTree = "<group>"; };
		BF63E4382DB1EB980037CD02 /* WorkoutHistoryView.swift */ = {isa = PBXFileReference; lastKnownFileType = sourcecode.swift; path = WorkoutHistoryView.swift; sourceTree = "<group>"; };
		BF63E43A2DB1EB980037CD02 /* LeaderboardView.swift */ = {isa = PBXFileReference; lastKnownFileType = sourcecode.swift; path = LeaderboardView.swift; sourceTree = "<group>"; };
		BF63E43C2DB1EB980037CD02 /* ProgressView.swift */ = {isa = PBXFileReference; lastKnownFileType = sourcecode.swift; path = ProgressView.swift; sourceTree = "<group>"; };
		BF63E43F2DB1EB980037CD02 /* SettingsView.swift */ = {isa = PBXFileReference; lastKnownFileType = sourcecode.swift; path = SettingsView.swift; sourceTree = "<group>"; };
		BF63E4412DB1EB980037CD02 /* CameraPreviewView.swift */ = {isa = PBXFileReference; lastKnownFileType = sourcecode.swift; path = CameraPreviewView.swift; sourceTree = "<group>"; };
		BF63E4422DB1EB980037CD02 /* DeviceScanningView.swift */ = {isa = PBXFileReference; lastKnownFileType = sourcecode.swift; path = DeviceScanningView.swift; sourceTree = "<group>"; };
		BF63E4442DB1EB980037CD02 /* PoseOverlayView.swift */ = {isa = PBXFileReference; lastKnownFileType = sourcecode.swift; path = PoseOverlayView.swift; sourceTree = "<group>"; };
		BF63E4452DB1EB980037CD02 /* RunWorkoutView.swift */ = {isa = PBXFileReference; lastKnownFileType = sourcecode.swift; path = RunWorkoutView.swift; sourceTree = "<group>"; };
		BF63E4462DB1EB980037CD02 /* WorkoutSelectionView.swift */ = {isa = PBXFileReference; lastKnownFileType = sourcecode.swift; path = WorkoutSelectionView.swift; sourceTree = "<group>"; };
		BF63E4472DB1EB980037CD02 /* WorkoutSessionView.swift */ = {isa = PBXFileReference; lastKnownFileType = sourcecode.swift; path = WorkoutSessionView.swift; sourceTree = "<group>"; };
		BF63E4492DB1EB980037CD02 /* ContentView.swift */ = {isa = PBXFileReference; lastKnownFileType = sourcecode.swift; path = ContentView.swift; sourceTree = "<group>"; };
		BF63E4592DB1EBA40037CD02 /* AuthViewModel.swift */ = {isa = PBXFileReference; lastKnownFileType = sourcecode.swift; path = AuthViewModel.swift; sourceTree = "<group>"; };
		BF63E45A2DB1EBA40037CD02 /* DeviceScanningViewModel.swift */ = {isa = PBXFileReference; lastKnownFileType = sourcecode.swift; path = DeviceScanningViewModel.swift; sourceTree = "<group>"; };
		BF63E45B2DB1EBA40037CD02 /* LeaderboardViewModel.swift */ = {isa = PBXFileReference; lastKnownFileType = sourcecode.swift; path = LeaderboardViewModel.swift; sourceTree = "<group>"; };
		BF63E45C2DB1EBA40037CD02 /* ProgressViewModel.swift */ = {isa = PBXFileReference; lastKnownFileType = sourcecode.swift; path = ProgressViewModel.swift; sourceTree = "<group>"; };
		BF63E45D2DB1EBA40037CD02 /* RunWorkoutViewModel.swift */ = {isa = PBXFileReference; lastKnownFileType = sourcecode.swift; path = RunWorkoutViewModel.swift; sourceTree = "<group>"; };
		BF63E45E2DB1EBA40037CD02 /* WorkoutViewModel.swift */ = {isa = PBXFileReference; lastKnownFileType = sourcecode.swift; path = WorkoutViewModel.swift; sourceTree = "<group>"; };
		BF63E4662DB1EBAF0037CD02 /* ExerciseGraderProtocol.swift */ = {isa = PBXFileReference; lastKnownFileType = sourcecode.swift; path = ExerciseGraderProtocol.swift; sourceTree = "<group>"; };
		BF63E4672DB1EBAF0037CD02 /* PullupGrader.swift */ = {isa = PBXFileReference; lastKnownFileType = sourcecode.swift; path = PullupGrader.swift; sourceTree = "<group>"; };
		BF63E4682DB1EBAF0037CD02 /* PushupGrader.swift */ = {isa = PBXFileReference; lastKnownFileType = sourcecode.swift; path = PushupGrader.swift; sourceTree = "<group>"; };
		BF63E4692DB1EBAF0037CD02 /* SitupGrader.swift */ = {isa = PBXFileReference; lastKnownFileType = sourcecode.swift; path = SitupGrader.swift; sourceTree = "<group>"; };
		BF63E4712DB1F3910037CD02 /* WorkoutHistoryRow.swift */ = {isa = PBXFileReference; lastKnownFileType = sourcecode.swift; path = WorkoutHistoryRow.swift; sourceTree = "<group>"; };
		BF63E4732DB2937C0037CD02 /* PTChampionApp.swift */ = {isa = PBXFileReference; lastKnownFileType = sourcecode.swift; path = PTChampionApp.swift; sourceTree = "<group>"; };
		BF63E4752DB453140037CD02 /* pt_champion_logo.png */ = {isa = PBXFileReference; lastKnownFileType = image.png; path = pt_champion_logo.png; sourceTree = "<group>"; };
		BF63E4772DB454230037CD02 /* Assets.xcassets */ = {isa = PBXFileReference; lastKnownFileType = folder.assetcatalog; path = Assets.xcassets; sourceTree = "<group>"; };
		BF89EB412DC98E5C003F8FE3 /* ComponentGalleryView.swift */ = {isa = PBXFileReference; lastKnownFileType = sourcecode.swift; path = ComponentGalleryView.swift; sourceTree = "<group>"; };
		BF89EB422DC98E5C003F8FE3 /* ExerciseDetailView.swift */ = {isa = PBXFileReference; lastKnownFileType = sourcecode.swift; path = ExerciseDetailView.swift; sourceTree = "<group>"; };
		BF89EB452DC98E6A003F8FE3 /* FeatureFlagViewExtensions.swift */ = {isa = PBXFileReference; lastKnownFileType = sourcecode.swift; path = FeatureFlagViewExtensions.swift; sourceTree = "<group>"; };
		BF89EB482DC98E8A003F8FE3 /* CommonNetworkTypes.swift */ = {isa = PBXFileReference; lastKnownFileType = sourcecode.swift; path = CommonNetworkTypes.swift; sourceTree = "<group>"; };
		BF89EB4A2DC98E9B003F8FE3 /* WorkoutDataPoint.swift */ = {isa = PBXFileReference; lastKnownFileType = sourcecode.swift; path = WorkoutDataPoint.swift; sourceTree = "<group>"; };
		BF89EB4D2DC99462003F8FE3 /* SwiftUI.framework */ = {isa = PBXFileReference; lastKnownFileType = wrapper.framework; name = SwiftUI.framework; path = System/Library/Frameworks/SwiftUI.framework; sourceTree = SDKROOT; };
		BF89EB4F2DC9A18C003F8FE3 /* BadgeType.swift */ = {isa = PBXFileReference; lastKnownFileType = sourcecode.swift; path = BadgeType.swift; sourceTree = "<group>"; };
		BF89EB502DC9A18C003F8FE3 /* ValidationStateExtension.swift */ = {isa = PBXFileReference; lastKnownFileType = sourcecode.swift; path = ValidationStateExtension.swift; sourceTree = "<group>"; };
		BF89EB532DC9A1A7003F8FE3 /* WorkoutProgressChart.swift */ = {isa = PBXFileReference; lastKnownFileType = sourcecode.swift; path = WorkoutProgressChart.swift; sourceTree = "<group>"; };
		BF89EB562DC9A47E003F8FE3 /* MetricData.swift */ = {isa = PBXFileReference; lastKnownFileType = sourcecode.swift; path = MetricData.swift; sourceTree = "<group>"; };
		BF8F678C2DC920D80065A2D7 /* BodyPoseDetectionView.swift */ = {isa = PBXFileReference; lastKnownFileType = sourcecode.swift; path = BodyPoseDetectionView.swift; sourceTree = "<group>"; };
		BF8F678D2DC920D80065A2D7 /* PoseDetectionDemoView.swift */ = {isa = PBXFileReference; lastKnownFileType = sourcecode.swift; path = PoseDetectionDemoView.swift; sourceTree = "<group>"; };
		BF8F67902DC928E40065A2D7 /* CameraPermissionRequestView.swift */ = {isa = PBXFileReference; lastKnownFileType = sourcecode.swift; path = CameraPermissionRequestView.swift; sourceTree = "<group>"; };
		BF8F67922DC930C90065A2D7 /* WorkoutDetailView.swift */ = {isa = PBXFileReference; lastKnownFileType = sourcecode.swift; path = WorkoutDetailView.swift; sourceTree = "<group>"; };
		BF8F67942DC931190065A2D7 /* DashboardViewModel.swift */ = {isa = PBXFileReference; lastKnownFileType = sourcecode.swift; path = DashboardViewModel.swift; sourceTree = "<group>"; };
		BF8F67952DC931190065A2D7 /* WorkoutHistoryViewModel.swift */ = {isa = PBXFileReference; lastKnownFileType = sourcecode.swift; path = WorkoutHistoryViewModel.swift; sourceTree = "<group>"; };
		BF8F67A22DC931750065A2D7 /* AppModels.swift */ = {isa = PBXFileReference; lastKnownFileType = sourcecode.swift; path = AppModels.swift; sourceTree = "<group>"; };
		BF90A0022DBAF50000000002 /* Montserrat-Regular.ttf */ = {isa = PBXFileReference; lastKnownFileType = file; name = "Montserrat-Regular.ttf"; path = "Resources/Fonts/Montserrat-Regular.ttf"; sourceTree = "<group>"; };
		BF90A0032DBAF50000000003 /* Montserrat-Bold.ttf */ = {isa = PBXFileReference; lastKnownFileType = text; name = "Montserrat-Bold.ttf"; path = "Resources/Fonts/Montserrat-Bold.ttf"; sourceTree = "<group>"; };
		BF90A0042DBAF50000000004 /* Montserrat-SemiBold.ttf */ = {isa = PBXFileReference; lastKnownFileType = text; name = "Montserrat-SemiBold.ttf"; path = "Resources/Fonts/Montserrat-SemiBold.ttf"; sourceTree = "<group>"; };
		BF90A0052DBAF50000000005 /* RobotoMono-Bold.ttf */ = {isa = PBXFileReference; lastKnownFileType = text; name = "RobotoMono-Bold.ttf"; path = "Resources/Fonts/RobotoMono-Bold.ttf"; sourceTree = "<group>"; };
		BF90A0062DBAF50000000006 /* RobotoMono-Medium.ttf */ = {isa = PBXFileReference; lastKnownFileType = text; name = "RobotoMono-Medium.ttf"; path = "Resources/Fonts/RobotoMono-Medium.ttf"; sourceTree = "<group>"; };
		BF90A0072DBAF50000000007 /* CopyFonts.sh */ = {isa = PBXFileReference; fileEncoding = 4; lastKnownFileType = text.script.sh; path = CopyFonts.sh; sourceTree = "<group>"; };
		BFADF99F2DC93D280016AF0B /* AppAppearance.swift */ = {isa = PBXFileReference; lastKnownFileType = sourcecode.swift; path = AppAppearance.swift; sourceTree = "<group>"; };
		BFADF9A02DC93D280016AF0B /* UIColorContrastChecker.swift */ = {isa = PBXFileReference; lastKnownFileType = sourcecode.swift; path = UIColorContrastChecker.swift; sourceTree = "<group>"; };
		BFADF9A32DC93D890016AF0B /* Badge.swift */ = {isa = PBXFileReference; lastKnownFileType = sourcecode.swift; path = Badge.swift; sourceTree = "<group>"; };
		BFADF9A52DC93D890016AF0B /* DashboardHeader.swift */ = {isa = PBXFileReference; lastKnownFileType = sourcecode.swift; path = DashboardHeader.swift; sourceTree = "<group>"; };
		BFADF9A62DC93D890016AF0B /* FocusableTextField.swift */ = {isa = PBXFileReference; lastKnownFileType = sourcecode.swift; path = FocusableTextField.swift; sourceTree = "<group>"; };
		BFADF9A72DC93D890016AF0B /* MetricCard.swift */ = {isa = PBXFileReference; lastKnownFileType = sourcecode.swift; path = MetricCard.swift; sourceTree = "<group>"; };
		BFADF9A92DC93D890016AF0B /* SettingsSheet.swift */ = {isa = PBXFileReference; lastKnownFileType = sourcecode.swift; path = SettingsSheet.swift; sourceTree = "<group>"; };
		BFADF9AA2DC93D890016AF0B /* Spinner.swift */ = {isa = PBXFileReference; lastKnownFileType = sourcecode.swift; path = Spinner.swift; sourceTree = "<group>"; };
		BFADF9AB2DC93D890016AF0B /* StatCard.swift */ = {isa = PBXFileReference; lastKnownFileType = sourcecode.swift; path = StatCard.swift; sourceTree = "<group>"; };
		BFADF9AC2DC93D890016AF0B /* Toast.swift */ = {isa = PBXFileReference; lastKnownFileType = sourcecode.swift; path = Toast.swift; sourceTree = "<group>"; };
		BFADF9AD2DC93D890016AF0B /* WorkoutCard.swift */ = {isa = PBXFileReference; lastKnownFileType = sourcecode.swift; path = WorkoutCard.swift; sourceTree = "<group>"; };
		BFADF9AE2DC93D890016AF0B /* WorkoutHistoryList.swift */ = {isa = PBXFileReference; lastKnownFileType = sourcecode.swift; path = WorkoutHistoryList.swift; sourceTree = "<group>"; };
		BFADF9BD2DC93DE90016AF0B /* LeaderboardRowPlaceholder.swift */ = {isa = PBXFileReference; lastKnownFileType = sourcecode.swift; path = LeaderboardRowPlaceholder.swift; sourceTree = "<group>"; };
		BFADF9BF2DC93E0A0016AF0B /* FeatureFlagService.swift */ = {isa = PBXFileReference; lastKnownFileType = sourcecode.swift; path = FeatureFlagService.swift; sourceTree = "<group>"; };
		BFADF9C02DC93E0A0016AF0B /* NetworkService.swift */ = {isa = PBXFileReference; lastKnownFileType = sourcecode.swift; path = NetworkService.swift; sourceTree = "<group>"; };
		BFADF9C12DC93E0A0016AF0B /* UnifiedNetworkService.swift */ = {isa = PBXFileReference; lastKnownFileType = sourcecode.swift; path = UnifiedNetworkService.swift; sourceTree = "<group>"; };
		BFADF9C22DC93E0A0016AF0B /* WasmerGrading.swift */ = {isa = PBXFileReference; lastKnownFileType = sourcecode.swift; path = WasmerGrading.swift; sourceTree = "<group>"; };
		BFADF9C32DC93E0A0016AF0B /* WorkoutPersistenceService.swift */ = {isa = PBXFileReference; lastKnownFileType = sourcecode.swift; path = WorkoutPersistenceService.swift; sourceTree = "<group>"; };
/* End PBXFileReference section */

/* Begin PBXFrameworksBuildPhase section */
		BF63E3B62DB1C84E0037CD02 /* Frameworks */ = {
			isa = PBXFrameworksBuildPhase;
			buildActionMask = 2147483647;
			files = (
				BF89EB4E2DC99462003F8FE3 /* SwiftUI.framework in Frameworks */,
				BF5D31832DC7F6C40042EE65 /* DesignTokens in Frameworks */,
				BF5D31812DC7F6C40042EE65 /* Components in Frameworks */,
				BF5D31852DC7F6C40042EE65 /* PTDesignSystem in Frameworks */,
			);
			runOnlyForDeploymentPostprocessing = 0;
		};
		BF63E3C52DB1C84F0037CD02 /* Frameworks */ = {
			isa = PBXFrameworksBuildPhase;
			buildActionMask = 2147483647;
			files = (
			);
			runOnlyForDeploymentPostprocessing = 0;
		};
		BF63E3CF2DB1C84F0037CD02 /* Frameworks */ = {
			isa = PBXFrameworksBuildPhase;
			buildActionMask = 2147483647;
			files = (
			);
			runOnlyForDeploymentPostprocessing = 0;
		};
/* End PBXFrameworksBuildPhase section */

/* Begin PBXGroup section */
		BF37B0412DCACABE00EC4D58 /* Utility */ = {
			isa = PBXGroup;
			children = (
				BF37B0402DCACABE00EC4D58 /* ActivityView.swift */,
			);
			path = Utility;
			sourceTree = "<group>";
		};
		BF37B0562DCC2CD600EC4D58 /* Profile */ = {
			isa = PBXGroup;
			children = (
				BF199EB62DCD8CFE00E23EFF /* UserProfileView.swift */,
				BF37B0552DCC2CD600EC4D58 /* ProfileView.swift */,
			);
			path = Profile;
			sourceTree = "<group>";
		};
		BF63E3B02DB1C84E0037CD02 = {
			isa = PBXGroup;
			children = (
				BF63E3BB2DB1C84E0037CD02,
				BF63E3BA2DB1C84E0037CD02 /* Products */,
				BF63E4752DB453140037CD02 /* pt_champion_logo.png */,
				BF90A0072DBAF50000000007 /* CopyFonts.sh */,
				BF71D10F2DC444F9003E1F33 /* Recovered References */,
				BF89EB4C2DC99462003F8FE3 /* Frameworks */,
			);
			sourceTree = "<group>";
		};
		BF63E3BA2DB1C84E0037CD02 /* Products */ = {
			isa = PBXGroup;
			children = (
				BF63E3B92DB1C84E0037CD02 /* ptchampion.app */,
				BF63E3C82DB1C84F0037CD02 /* ptchampionTests.xctest */,
				BF63E3D22DB1C84F0037CD02 /* ptchampionUITests.xctest */,
			);
			name = Products;
			sourceTree = "<group>";
		};
		BF63E3BB2DB1C84E0037CD02 = {
			isa = PBXGroup;
			children = (
				BF63E4732DB2937C0037CD02 /* PTChampionApp.swift */,
				BF63E4492DB1EB980037CD02 /* ContentView.swift */,
				BF63E3E52DB1C89D0037CD02 /* Models */,
				BF63E3E82DB1C9AC0037CD02 /* Services */,
				BF63E3E62DB1C8B90037CD02 /* Views */,
				BF63E3E72DB1C9910037CD02 /* ViewModels */,
				BF63E3EA2DB1C9F80037CD02 /* Grading */,
				BF63E3E92DB1C9E70037CD02 /* Utils */,
				BF63E4772DB454230037CD02 /* Assets.xcassets */,
			);
			sourceTree = "<group>";
		};
		BF63E3E52DB1C89D0037CD02 /* Models */ = {
			isa = PBXGroup;
			children = (
				BF63E4042DB1CF5A0037CD02 /* Models */,
			);
			name = Models;
			sourceTree = "<group>";
		};
		BF63E3E62DB1C8B90037CD02 /* Views */ = {
			isa = PBXGroup;
			children = (
				BF63E44A2DB1EB980037CD02 /* Views */,
			);
			name = Views;
			sourceTree = "<group>";
		};
		BF63E3E72DB1C9910037CD02 /* ViewModels */ = {
			isa = PBXGroup;
			children = (
				BF63E45F2DB1EBA40037CD02 /* ViewModels */,
			);
			name = ViewModels;
			sourceTree = "<group>";
		};
		BF63E3E82DB1C9AC0037CD02 /* Services */ = {
			isa = PBXGroup;
			children = (
				BF63E4212DB1EB830037CD02 /* Services */,
			);
			name = Services;
			sourceTree = "<group>";
		};
		BF63E3E92DB1C9E70037CD02 /* Utils */ = {
			isa = PBXGroup;
			children = (
				BF63E40E2DB1EB650037CD02 /* Utils */,
			);
			name = Utils;
			sourceTree = "<group>";
		};
		BF63E3EA2DB1C9F80037CD02 /* Grading */ = {
			isa = PBXGroup;
			children = (
				BF63E46A2DB1EBAF0037CD02 /* Grading */,
			);
			name = Grading;
			sourceTree = "<group>";
		};
		BF63E4042DB1CF5A0037CD02 /* Models */ = {
			isa = PBXGroup;
			children = (
				BF199EBC2DCE226E00E23EFF /* UserProfileData.swift */,
				BF89EB4A2DC98E9B003F8FE3 /* WorkoutDataPoint.swift */,
				BF8F67A22DC931750065A2D7 /* AppModels.swift */,
				BF63E3FC2DB1CF5A0037CD02 /* AuthModels.swift */,
				BF63E3FD2DB1CF5A0037CD02 /* Enums.swift */,
				BF63E3FE2DB1CF5A0037CD02 /* LeaderboardModels.swift */,
				BF63E3FF2DB1CF5A0037CD02 /* PoseModels.swift */,
				BF63E4002DB1CF5A0037CD02 /* User.swift */,
				BF63E4012DB1CF5A0037CD02 /* UserProfileModels.swift */,
				BF63E4022DB1CF5A0037CD02 /* WorkoutModels.swift */,
				BF63E4032DB1CF5A0037CD02 /* WorkoutResultSwiftData.swift */,
			);
			path = Models;
			sourceTree = "<group>";
		};
		BF63E40E2DB1EB650037CD02 /* Utils */ = {
			isa = PBXGroup;
			children = (
				BFADF99F2DC93D280016AF0B /* AppAppearance.swift */,
				BFADF9A02DC93D280016AF0B /* UIColorContrastChecker.swift */,
			);
			path = Utils;
			sourceTree = "<group>";
		};
		BF63E4212DB1EB830037CD02 /* Services */ = {
			isa = PBXGroup;
			children = (
				BF199EB82DCE225200E23EFF /* MockUserService.swift */,
				BF199EB92DCE225200E23EFF /* UserServiceProtocol.swift */,
				BF89EB482DC98E8A003F8FE3 /* CommonNetworkTypes.swift */,
				BFADF9BF2DC93E0A0016AF0B /* FeatureFlagService.swift */,
				BFADF9C02DC93E0A0016AF0B /* NetworkService.swift */,
				BFADF9C12DC93E0A0016AF0B /* UnifiedNetworkService.swift */,
				BFADF9C22DC93E0A0016AF0B /* WasmerGrading.swift */,
				BFADF9C32DC93E0A0016AF0B /* WorkoutPersistenceService.swift */,
				BF63E4102DB1EB830037CD02 /* AuthService.swift */,
				BF63E4112DB1EB830037CD02 /* AuthServiceProtocol.swift */,
				BF63E4122DB1EB830037CD02 /* BluetoothService.swift */,
				BF63E4132DB1EB830037CD02 /* BluetoothServiceProtocol.swift */,
				BF63E4142DB1EB830037CD02 /* CameraService.swift */,
				BF63E4152DB1EB830037CD02 /* CameraServiceProtocol.swift */,
				BF63E4162DB1EB830037CD02 /* KeychainService.swift */,
				BF63E4172DB1EB830037CD02 /* KeychainServiceProtocol.swift */,
				BF63E4182DB1EB830037CD02 /* LeaderboardService.swift */,
				BF63E4192DB1EB830037CD02 /* LeaderboardServiceProtocol.swift */,
				BF63E41A2DB1EB830037CD02 /* LocationService.swift */,
				BF63E41B2DB1EB830037CD02 /* LocationServiceProtocol.swift */,
				BF63E41C2DB1EB830037CD02 /* NetworkClient.swift */,
				BF63E41D2DB1EB830037CD02 /* PoseDetectorService.swift */,
				BF63E41E2DB1EB830037CD02 /* PoseDetectorServiceProtocol.swift */,
				BF63E41F2DB1EB830037CD02 /* WorkoutService.swift */,
				BF63E4202DB1EB830037CD02 /* WorkoutServiceProtocol.swift */,
			);
			path = Services;
			sourceTree = "<group>";
		};
		BF63E4352DB1EB980037CD02 /* Authentication */ = {
			isa = PBXGroup;
			children = (
				BF63E4332DB1EB980037CD02 /* LoginView.swift */,
				BF63E4342DB1EB980037CD02 /* RegistrationView.swift */,
			);
			path = Authentication;
			sourceTree = "<group>";
		};
		BF63E4372DB1EB980037CD02 /* Dashboard */ = {
			isa = PBXGroup;
			children = (
				BF63E4362DB1EB980037CD02 /* DashboardView.swift */,
			);
			path = Dashboard;
			sourceTree = "<group>";
		};
		BF63E4392DB1EB980037CD02 /* History */ = {
			isa = PBXGroup;
			children = (
				BF63E4382DB1EB980037CD02 /* WorkoutHistoryView.swift */,
			);
			path = History;
			sourceTree = "<group>";
		};
		BF63E43B2DB1EB980037CD02 /* Leaderboards */ = {
			isa = PBXGroup;
			children = (
				BF37B0452DCADB4F00EC4D58 /* LeaderboardRowView.swift */,
				BFADF9BD2DC93DE90016AF0B /* LeaderboardRowPlaceholder.swift */,
				BF63E43A2DB1EB980037CD02 /* LeaderboardView.swift */,
			);
			path = Leaderboards;
			sourceTree = "<group>";
		};
		BF63E43D2DB1EB980037CD02 /* Progress */ = {
			isa = PBXGroup;
			children = (
				BF63E43C2DB1EB980037CD02 /* ProgressView.swift */,
			);
			path = Progress;
			sourceTree = "<group>";
		};
		BF63E4402DB1EB980037CD02 /* Shared */ = {
			isa = PBXGroup;
			children = (
				BF37B0412DCACABE00EC4D58 /* Utility */,
				BF89EB562DC9A47E003F8FE3 /* MetricData.swift */,
				BF89EB542DC9A1A7003F8FE3 /* Charts */,
				BF89EB4F2DC9A18C003F8FE3 /* BadgeType.swift */,
				BF89EB502DC9A18C003F8FE3 /* ValidationStateExtension.swift */,
				BFADF9A32DC93D890016AF0B /* Badge.swift */,
				BFADF9A52DC93D890016AF0B /* DashboardHeader.swift */,
				BFADF9A62DC93D890016AF0B /* FocusableTextField.swift */,
				BFADF9A72DC93D890016AF0B /* MetricCard.swift */,
				BFADF9A92DC93D890016AF0B /* SettingsSheet.swift */,
				BFADF9AA2DC93D890016AF0B /* Spinner.swift */,
				BFADF9AB2DC93D890016AF0B /* StatCard.swift */,
				BFADF9AC2DC93D890016AF0B /* Toast.swift */,
				BFADF9AD2DC93D890016AF0B /* WorkoutCard.swift */,
				BFADF9AE2DC93D890016AF0B /* WorkoutHistoryList.swift */,
				BF63E4712DB1F3910037CD02 /* WorkoutHistoryRow.swift */,
				BF63E43F2DB1EB980037CD02 /* SettingsView.swift */,
			);
			path = Shared;
			sourceTree = "<group>";
		};
		BF63E4432DB1EB980037CD02 /* Utility */ = {
			isa = PBXGroup;
			children = (
				BF8F67902DC928E40065A2D7 /* CameraPermissionRequestView.swift */,
				BF63E4412DB1EB980037CD02 /* CameraPreviewView.swift */,
				BF63E4422DB1EB980037CD02 /* DeviceScanningView.swift */,
			);
			path = Utility;
			sourceTree = "<group>";
		};
		BF63E4482DB1EB980037CD02 /* Workouts */ = {
			isa = PBXGroup;
			children = (
				BF37B0512DCC232E00EC4D58 /* ExerciseHUDView.swift */,
				BF37B03C2DCAC89500EC4D58 /* CameraExerciseView.swift */,
				BF37B03D2DCAC89500EC4D58 /* WorkoutCompleteView.swift */,
				BF8F67922DC930C90065A2D7 /* WorkoutDetailView.swift */,
				BF8F678C2DC920D80065A2D7 /* BodyPoseDetectionView.swift */,
				BF8F678D2DC920D80065A2D7 /* PoseDetectionDemoView.swift */,
				BF63E4442DB1EB980037CD02 /* PoseOverlayView.swift */,
				BF63E4452DB1EB980037CD02 /* RunWorkoutView.swift */,
				BF63E4462DB1EB980037CD02 /* WorkoutSelectionView.swift */,
				BF63E4472DB1EB980037CD02 /* WorkoutSessionView.swift */,
			);
			path = Workouts;
			sourceTree = "<group>";
		};
		BF63E44A2DB1EB980037CD02 /* Views */ = {
			isa = PBXGroup;
			children = (
				BF37B0562DCC2CD600EC4D58 /* Profile */,
				BF89EB462DC98E6A003F8FE3 /* Modifiers */,
				BF89EB412DC98E5C003F8FE3 /* ComponentGalleryView.swift */,
				BF89EB422DC98E5C003F8FE3 /* ExerciseDetailView.swift */,
				BF63E4352DB1EB980037CD02 /* Authentication */,
				BF63E4372DB1EB980037CD02 /* Dashboard */,
				BF63E4392DB1EB980037CD02 /* History */,
				BF63E43B2DB1EB980037CD02 /* Leaderboards */,
				BF63E43D2DB1EB980037CD02 /* Progress */,
				BF63E4402DB1EB980037CD02 /* Shared */,
				BF63E4432DB1EB980037CD02 /* Utility */,
				BF63E4482DB1EB980037CD02 /* Workouts */,
			);
			path = Views;
			sourceTree = "<group>";
		};
		BF63E45F2DB1EBA40037CD02 /* ViewModels */ = {
			isa = PBXGroup;
			children = (
				BF199EBE2DCE228800E23EFF /* UserProfileViewModel.swift */,
				BF37B0532DCC233F00EC4D58 /* WorkoutTimer.swift */,
				BF8F67942DC931190065A2D7 /* DashboardViewModel.swift */,
				BF8F67952DC931190065A2D7 /* WorkoutHistoryViewModel.swift */,
				BF63E4592DB1EBA40037CD02 /* AuthViewModel.swift */,
				BF63E45A2DB1EBA40037CD02 /* DeviceScanningViewModel.swift */,
				BF63E45B2DB1EBA40037CD02 /* LeaderboardViewModel.swift */,
				BF63E45C2DB1EBA40037CD02 /* ProgressViewModel.swift */,
				BF63E45D2DB1EBA40037CD02 /* RunWorkoutViewModel.swift */,
				BF63E45E2DB1EBA40037CD02 /* WorkoutViewModel.swift */,
			);
			path = ViewModels;
			sourceTree = "<group>";
		};
		BF63E46A2DB1EBAF0037CD02 /* Grading */ = {
			isa = PBXGroup;
			children = (
				BF37B0432DCACAE200EC4D58 /* AnyExerciseGraderBox.swift */,
				BF63E4662DB1EBAF0037CD02 /* ExerciseGraderProtocol.swift */,
				BF63E4672DB1EBAF0037CD02 /* PullupGrader.swift */,
				BF63E4682DB1EBAF0037CD02 /* PushupGrader.swift */,
				BF63E4692DB1EBAF0037CD02 /* SitupGrader.swift */,
			);
			path = Grading;
			sourceTree = "<group>";
		};
		BF71D10F2DC444F9003E1F33 /* Recovered References */ = {
			isa = PBXGroup;
			children = (
				BF90A0022DBAF50000000002 /* Montserrat-Regular.ttf */,
				BF90A0032DBAF50000000003 /* Montserrat-Bold.ttf */,
				BF90A0042DBAF50000000004 /* Montserrat-SemiBold.ttf */,
				BF90A0052DBAF50000000005 /* RobotoMono-Bold.ttf */,
				BF90A0062DBAF50000000006 /* RobotoMono-Medium.ttf */,
			);
			name = "Recovered References";
			sourceTree = "<group>";
		};
		BF89EB462DC98E6A003F8FE3 /* Modifiers */ = {
			isa = PBXGroup;
			children = (
				BF89EB452DC98E6A003F8FE3 /* FeatureFlagViewExtensions.swift */,
			);
			path = Modifiers;
			sourceTree = "<group>";
		};
		BF89EB4C2DC99462003F8FE3 /* Frameworks */ = {
			isa = PBXGroup;
			children = (
				BF89EB4D2DC99462003F8FE3 /* SwiftUI.framework */,
			);
			name = Frameworks;
			sourceTree = "<group>";
		};
		BF89EB542DC9A1A7003F8FE3 /* Charts */ = {
			isa = PBXGroup;
			children = (
				BF89EB532DC9A1A7003F8FE3 /* WorkoutProgressChart.swift */,
			);
			path = Charts;
			sourceTree = "<group>";
		};
/* End PBXGroup section */

/* Begin PBXNativeTarget section */
		BF63E3B82DB1C84E0037CD02 /* ptchampion */ = {
			isa = PBXNativeTarget;
			buildConfigurationList = BF63E3DC2DB1C84F0037CD02 /* Build configuration list for PBXNativeTarget "ptchampion" */;
			buildPhases = (
				BF60DF342DC7C25F003487DB /* Clear Package Cache */,
				BF63E3B52DB1C84E0037CD02 /* Sources */,
				BF63E3B62DB1C84E0037CD02 /* Frameworks */,
				BF63E3B72DB1C84E0037CD02 /* Resources */,
			);
			buildRules = (
			);
			dependencies = (
				BF60DF362DC7C8D0003487DB /* PBXTargetDependency */,
			);
			name = ptchampion;
			productName = ptchampion;
			productReference = BF63E3B92DB1C84E0037CD02 /* ptchampion.app */;
			productType = "com.apple.product-type.application";
		};
		BF63E3C72DB1C84F0037CD02 /* ptchampionTests */ = {
			isa = PBXNativeTarget;
			buildConfigurationList = BF63E3DF2DB1C84F0037CD02 /* Build configuration list for PBXNativeTarget "ptchampionTests" */;
			buildPhases = (
				BF63E3C42DB1C84F0037CD02 /* Sources */,
				BF63E3C52DB1C84F0037CD02 /* Frameworks */,
				BF63E3C62DB1C84F0037CD02 /* Resources */,
			);
			buildRules = (
			);
			dependencies = (
				BF63E3CA2DB1C84F0037CD02 /* PBXTargetDependency */,
			);
			name = ptchampionTests;
			productName = ptchampionTests;
			productReference = BF63E3C82DB1C84F0037CD02 /* ptchampionTests.xctest */;
			productType = "com.apple.product-type.bundle.unit-test";
		};
		BF63E3D12DB1C84F0037CD02 /* ptchampionUITests */ = {
			isa = PBXNativeTarget;
			buildConfigurationList = BF63E3E22DB1C84F0037CD02 /* Build configuration list for PBXNativeTarget "ptchampionUITests" */;
			buildPhases = (
				BF63E3CE2DB1C84F0037CD02 /* Sources */,
				BF63E3CF2DB1C84F0037CD02 /* Frameworks */,
				BF63E3D02DB1C84F0037CD02 /* Resources */,
			);
			buildRules = (
			);
			dependencies = (
				BF63E3D42DB1C84F0037CD02 /* PBXTargetDependency */,
			);
			name = ptchampionUITests;
			productName = ptchampionUITests;
			productReference = BF63E3D22DB1C84F0037CD02 /* ptchampionUITests.xctest */;
			productType = "com.apple.product-type.bundle.ui-testing";
		};
/* End PBXNativeTarget section */

/* Begin PBXProject section */
		BF63E3B12DB1C84E0037CD02 /* Project object */ = {
			isa = PBXProject;
			attributes = {
				BuildIndependentTargetsInParallel = 1;
				LastSwiftUpdateCheck = 1630;
				LastUpgradeCheck = 1630;
				TargetAttributes = {
					BF63E3B82DB1C84E0037CD02 = {
						CreatedOnToolsVersion = 16.3;
					};
					BF63E3C72DB1C84F0037CD02 = {
						CreatedOnToolsVersion = 16.3;
						TestTargetID = BF63E3B82DB1C84E0037CD02;
					};
					BF63E3D12DB1C84F0037CD02 = {
						CreatedOnToolsVersion = 16.3;
						TestTargetID = BF63E3B82DB1C84E0037CD02;
					};
				};
			};
			buildConfigurationList = BF63E3B42DB1C84E0037CD02 /* Build configuration list for PBXProject "ptchampion" */;
			developmentRegion = en;
			hasScannedForEncodings = 0;
			knownRegions = (
				en,
				Base,
			);
			mainGroup = BF63E3B02DB1C84E0037CD02;
			minimizedProjectReferenceProxies = 1;
			packageReferences = (
				BFE0AAF42DC7A21D00646B30 /* XCLocalSwiftPackageReference "../PTDesignSystem" */,
			);
			preferredProjectObjectVersion = 77;
			productRefGroup = BF63E3BA2DB1C84E0037CD02 /* Products */;
			projectDirPath = "";
			projectRoot = "";
			targets = (
				BF63E3B82DB1C84E0037CD02 /* ptchampion */,
				BF63E3C72DB1C84F0037CD02 /* ptchampionTests */,
				BF63E3D12DB1C84F0037CD02 /* ptchampionUITests */,
			);
		};
/* End PBXProject section */

/* Begin PBXResourcesBuildPhase section */
		BF63E3B72DB1C84E0037CD02 /* Resources */ = {
			isa = PBXResourcesBuildPhase;
			buildActionMask = 2147483647;
			files = (
				BF50A2802DC58AAC00534542 /* Montserrat-Regular.ttf in Resources */,
				BF63E4782DB454230037CD02 /* Assets.xcassets in Resources */,
				BF63E4762DB453140037CD02 /* pt_champion_logo.png in Resources */,
				BF50A27C2DC5870000534542 /* Montserrat-Bold.ttf in Resources */,
				BF50A27D2DC5870000534542 /* Montserrat-SemiBold.ttf in Resources */,
				BF50A27E2DC5870000534542 /* RobotoMono-Bold.ttf in Resources */,
				BF50A27F2DC5870000534542 /* RobotoMono-Medium.ttf in Resources */,
			);
			runOnlyForDeploymentPostprocessing = 0;
		};
		BF63E3C62DB1C84F0037CD02 /* Resources */ = {
			isa = PBXResourcesBuildPhase;
			buildActionMask = 2147483647;
			files = (
			);
			runOnlyForDeploymentPostprocessing = 0;
		};
		BF63E3D02DB1C84F0037CD02 /* Resources */ = {
			isa = PBXResourcesBuildPhase;
			buildActionMask = 2147483647;
			files = (
			);
			runOnlyForDeploymentPostprocessing = 0;
		};
/* End PBXResourcesBuildPhase section */

/* Begin PBXShellScriptBuildPhase section */
		BF60DF342DC7C25F003487DB /* Clear Package Cache */ = {
			isa = PBXShellScriptBuildPhase;
			buildActionMask = 2147483647;
			files = (
			);
			inputFileListPaths = (
			);
			inputPaths = (
			);
			name = "Clear Package Cache";
			outputFileListPaths = (
			);
			outputPaths = (
			);
			runOnlyForDeploymentPostprocessing = 0;
			shellPath = /bin/sh;
			shellScript = "# Clear Swift Package Manager caches only\nrm -rf ~/Library/Caches/org.swift.swiftpm/\n# Don't attempt to delete DerivedData from here\n";
		};
/* End PBXShellScriptBuildPhase section */

/* Begin PBXSourcesBuildPhase section */
		BF63E3B52DB1C84E0037CD02 /* Sources */ = {
			isa = PBXSourcesBuildPhase;
			buildActionMask = 2147483647;
			files = (
				BF63E4052DB1CF5A0037CD02 /* Enums.swift in Sources */,
				BF63E4062DB1CF5A0037CD02 /* UserProfileModels.swift in Sources */,
				BF63E4072DB1CF5A0037CD02 /* LeaderboardModels.swift in Sources */,
				BF63E4082DB1CF5A0037CD02 /* User.swift in Sources */,
				BF37B0442DCACAE200EC4D58 /* AnyExerciseGraderBox.swift in Sources */,
				BF63E4092DB1CF5A0037CD02 /* AuthModels.swift in Sources */,
				BF63E4742DB2937C0037CD02 /* PTChampionApp.swift in Sources */,
				BF63E40A2DB1CF5A0037CD02 /* WorkoutModels.swift in Sources */,
				BF63E40B2DB1CF5A0037CD02 /* WorkoutResultSwiftData.swift in Sources */,
				BF63E44B2DB1EB980037CD02 /* LoginView.swift in Sources */,
				BFADF9A12DC93D280016AF0B /* AppAppearance.swift in Sources */,
				BFADF9A22DC93D280016AF0B /* UIColorContrastChecker.swift in Sources */,
				BF8F678E2DC920D80065A2D7 /* BodyPoseDetectionView.swift in Sources */,
				BFADF9C42DC93E0A0016AF0B /* WorkoutPersistenceService.swift in Sources */,
				BF89EB552DC9A1A7003F8FE3 /* WorkoutProgressChart.swift in Sources */,
				BFADF9C52DC93E0A0016AF0B /* WasmerGrading.swift in Sources */,
				BFADF9C62DC93E0A0016AF0B /* NetworkService.swift in Sources */,
				BF199EBD2DCE226E00E23EFF /* UserProfileData.swift in Sources */,
				BFADF9C72DC93E0A0016AF0B /* FeatureFlagService.swift in Sources */,
				BFADF9C82DC93E0A0016AF0B /* UnifiedNetworkService.swift in Sources */,
				BF37B0522DCC232E00EC4D58 /* ExerciseHUDView.swift in Sources */,
				BF8F678F2DC920D80065A2D7 /* PoseDetectionDemoView.swift in Sources */,
				BF63E44C2DB1EB980037CD02 /* RunWorkoutView.swift in Sources */,
				BF63E4722DB1F3910037CD02 /* WorkoutHistoryRow.swift in Sources */,
				BF63E44D2DB1EB980037CD02 /* PoseOverlayView.swift in Sources */,
				BF63E44E2DB1EB980037CD02 /* SettingsView.swift in Sources */,
				BF63E44F2DB1EB980037CD02 /* WorkoutHistoryView.swift in Sources */,
				BF63E4502DB1EB980037CD02 /* WorkoutSessionView.swift in Sources */,
				BF63E4512DB1EB980037CD02 /* ProgressView.swift in Sources */,
				BF63E4522DB1EB980037CD02 /* RegistrationView.swift in Sources */,
				BF63E4532DB1EB980037CD02 /* WorkoutSelectionView.swift in Sources */,
				BF37B0462DCADB4F00EC4D58 /* LeaderboardRowView.swift in Sources */,
				BF63E4542DB1EB980037CD02 /* CameraPreviewView.swift in Sources */,
				BF63E4552DB1EB980037CD02 /* LeaderboardView.swift in Sources */,
				BF63E4562DB1EB980037CD02 /* ContentView.swift in Sources */,
				BF63E4572DB1EB980037CD02 /* DeviceScanningView.swift in Sources */,
				BF63E4582DB1EB980037CD02 /* DashboardView.swift in Sources */,
				BF63E4222DB1EB830037CD02 /* NetworkClient.swift in Sources */,
				BF63E4232DB1EB830037CD02 /* BluetoothServiceProtocol.swift in Sources */,
				BF63E4242DB1EB830037CD02 /* PoseDetectorService.swift in Sources */,
				BF63E4252DB1EB830037CD02 /* CameraService.swift in Sources */,
				BF63E4262DB1EB830037CD02 /* LocationServiceProtocol.swift in Sources */,
				BF63E4272DB1EB830037CD02 /* BluetoothService.swift in Sources */,
				BF63E4282DB1EB830037CD02 /* AuthServiceProtocol.swift in Sources */,
				BF63E4602DB1EBA40037CD02 /* ProgressViewModel.swift in Sources */,
				BF63E4612DB1EBA40037CD02 /* LeaderboardViewModel.swift in Sources */,
				BF37B0542DCC233F00EC4D58 /* WorkoutTimer.swift in Sources */,
				BF63E4622DB1EBA40037CD02 /* WorkoutViewModel.swift in Sources */,
				BF63E46B2DB1EBAF0037CD02 /* PullupGrader.swift in Sources */,
				BFADF9B12DC93D890016AF0B /* Toast.swift in Sources */,
				BF37B0572DCC2CD600EC4D58 /* ProfileView.swift in Sources */,
				BFADF9B32DC93D890016AF0B /* StatCard.swift in Sources */,
				BFADF9B52DC93D890016AF0B /* SettingsSheet.swift in Sources */,
				BFADF9B62DC93D890016AF0B /* DashboardHeader.swift in Sources */,
				BFADF9B72DC93D890016AF0B /* Badge.swift in Sources */,
				BFADF9B82DC93D890016AF0B /* Spinner.swift in Sources */,
				BFADF9B92DC93D890016AF0B /* FocusableTextField.swift in Sources */,
				BFADF9BA2DC93D890016AF0B /* WorkoutCard.swift in Sources */,
				BF89EB492DC98E8A003F8FE3 /* CommonNetworkTypes.swift in Sources */,
				BF199EBF2DCE228800E23EFF /* UserProfileViewModel.swift in Sources */,
				BFADF9BB2DC93D890016AF0B /* MetricCard.swift in Sources */,
				BFADF9BC2DC93D890016AF0B /* WorkoutHistoryList.swift in Sources */,
				BF37B03E2DCAC89500EC4D58 /* WorkoutCompleteView.swift in Sources */,
				BF37B03F2DCAC89500EC4D58 /* CameraExerciseView.swift in Sources */,
				BF63E46C2DB1EBAF0037CD02 /* ExerciseGraderProtocol.swift in Sources */,
				BF89EB512DC9A18C003F8FE3 /* ValidationStateExtension.swift in Sources */,
				BF89EB522DC9A18C003F8FE3 /* BadgeType.swift in Sources */,
				BF63E46D2DB1EBAF0037CD02 /* SitupGrader.swift in Sources */,
				BF89EB4B2DC98E9B003F8FE3 /* WorkoutDataPoint.swift in Sources */,
				BF63E46E2DB1EBAF0037CD02 /* PushupGrader.swift in Sources */,
				BF63E4632DB1EBA40037CD02 /* AuthViewModel.swift in Sources */,
				BF63E4642DB1EBA40037CD02 /* DeviceScanningViewModel.swift in Sources */,
				BF8F67A32DC931750065A2D7 /* AppModels.swift in Sources */,
				BF63E4652DB1EBA40037CD02 /* RunWorkoutViewModel.swift in Sources */,
				BF8F67932DC930C90065A2D7 /* WorkoutDetailView.swift in Sources */,
				BF89EB572DC9A47E003F8FE3 /* MetricData.swift in Sources */,
				BFADF9BE2DC93DE90016AF0B /* LeaderboardRowPlaceholder.swift in Sources */,
				BF63E4292DB1EB830037CD02 /* LocationService.swift in Sources */,
				BF63E42A2DB1EB830037CD02 /* LeaderboardService.swift in Sources */,
				BF63E42B2DB1EB830037CD02 /* AuthService.swift in Sources */,
				BF63E42C2DB1EB830037CD02 /* PoseDetectorServiceProtocol.swift in Sources */,
				BF63E42D2DB1EB830037CD02 /* LeaderboardServiceProtocol.swift in Sources */,
				BF63E42E2DB1EB830037CD02 /* KeychainServiceProtocol.swift in Sources */,
				BF199EB72DCD8CFE00E23EFF /* UserProfileView.swift in Sources */,
				BF63E42F2DB1EB830037CD02 /* WorkoutService.swift in Sources */,
				BF37B0422DCACABE00EC4D58 /* ActivityView.swift in Sources */,
				BF8F67912DC928E40065A2D7 /* CameraPermissionRequestView.swift in Sources */,
				BF63E4302DB1EB830037CD02 /* CameraServiceProtocol.swift in Sources */,
				BF63E4312DB1EB830037CD02 /* KeychainService.swift in Sources */,
				BF63E4322DB1EB830037CD02 /* WorkoutServiceProtocol.swift in Sources */,
				BF199EBA2DCE225200E23EFF /* MockUserService.swift in Sources */,
				BF199EBB2DCE225200E23EFF /* UserServiceProtocol.swift in Sources */,
				BF89EB432DC98E5C003F8FE3 /* ComponentGalleryView.swift in Sources */,
				BF89EB442DC98E5C003F8FE3 /* ExerciseDetailView.swift in Sources */,
				BF89EB472DC98E6A003F8FE3 /* FeatureFlagViewExtensions.swift in Sources */,
				BF8F67962DC931190065A2D7 /* DashboardViewModel.swift in Sources */,
				BF8F67972DC931190065A2D7 /* WorkoutHistoryViewModel.swift in Sources */,
				BF63E40C2DB1CF5A0037CD02 /* PoseModels.swift in Sources */,
			);
			runOnlyForDeploymentPostprocessing = 0;
		};
		BF63E3C42DB1C84F0037CD02 /* Sources */ = {
			isa = PBXSourcesBuildPhase;
			buildActionMask = 2147483647;
			files = (
			);
			runOnlyForDeploymentPostprocessing = 0;
		};
		BF63E3CE2DB1C84F0037CD02 /* Sources */ = {
			isa = PBXSourcesBuildPhase;
			buildActionMask = 2147483647;
			files = (
			);
			runOnlyForDeploymentPostprocessing = 0;
		};
/* End PBXSourcesBuildPhase section */

/* Begin PBXTargetDependency section */
		BF60DF362DC7C8D0003487DB /* PBXTargetDependency */ = {
			isa = PBXTargetDependency;
			productRef = BF60DF352DC7C8D0003487DB /* PTDesignSystem */;
		};
		BF63E3CA2DB1C84F0037CD02 /* PBXTargetDependency */ = {
			isa = PBXTargetDependency;
			target = BF63E3B82DB1C84E0037CD02 /* ptchampion */;
			targetProxy = BF63E3C92DB1C84F0037CD02 /* PBXContainerItemProxy */;
		};
		BF63E3D42DB1C84F0037CD02 /* PBXTargetDependency */ = {
			isa = PBXTargetDependency;
			target = BF63E3B82DB1C84E0037CD02 /* ptchampion */;
			targetProxy = BF63E3D32DB1C84F0037CD02 /* PBXContainerItemProxy */;
		};
/* End PBXTargetDependency section */

/* Begin XCBuildConfiguration section */
		BF63E3DA2DB1C84F0037CD02 /* Debug */ = {
			isa = XCBuildConfiguration;
			buildSettings = {
				ALWAYS_SEARCH_USER_PATHS = NO;
				ASSETCATALOG_COMPILER_GENERATE_SWIFT_ASSET_SYMBOL_EXTENSIONS = YES;
				CLANG_ANALYZER_NONNULL = YES;
				CLANG_ANALYZER_NUMBER_OBJECT_CONVERSION = YES_AGGRESSIVE;
				CLANG_CXX_LANGUAGE_STANDARD = "gnu++20";
				CLANG_ENABLE_MODULES = YES;
				CLANG_ENABLE_OBJC_ARC = YES;
				CLANG_ENABLE_OBJC_WEAK = YES;
				CLANG_WARN_BLOCK_CAPTURE_AUTORELEASING = YES;
				CLANG_WARN_BOOL_CONVERSION = YES;
				CLANG_WARN_COMMA = YES;
				CLANG_WARN_CONSTANT_CONVERSION = YES;
				CLANG_WARN_DEPRECATED_OBJC_IMPLEMENTATIONS = YES;
				CLANG_WARN_DIRECT_OBJC_ISA_USAGE = YES_ERROR;
				CLANG_WARN_DOCUMENTATION_COMMENTS = YES;
				CLANG_WARN_EMPTY_BODY = YES;
				CLANG_WARN_ENUM_CONVERSION = YES;
				CLANG_WARN_INFINITE_RECURSION = YES;
				CLANG_WARN_INT_CONVERSION = YES;
				CLANG_WARN_NON_LITERAL_NULL_CONVERSION = YES;
				CLANG_WARN_OBJC_IMPLICIT_RETAIN_SELF = YES;
				CLANG_WARN_OBJC_LITERAL_CONVERSION = YES;
				CLANG_WARN_OBJC_ROOT_CLASS = YES_ERROR;
				CLANG_WARN_QUOTED_INCLUDE_IN_FRAMEWORK_HEADER = YES;
				CLANG_WARN_RANGE_LOOP_ANALYSIS = YES;
				CLANG_WARN_STRICT_PROTOTYPES = YES;
				CLANG_WARN_SUSPICIOUS_MOVE = YES;
				CLANG_WARN_UNGUARDED_AVAILABILITY = YES_AGGRESSIVE;
				CLANG_WARN_UNREACHABLE_CODE = YES;
				CLANG_WARN__DUPLICATE_METHOD_MATCH = YES;
				COPY_PHASE_STRIP = NO;
				DEBUG_INFORMATION_FORMAT = dwarf;
				DEVELOPMENT_TEAM = 6DKP9BK9LF;
				ENABLE_STRICT_OBJC_MSGSEND = YES;
				ENABLE_TESTABILITY = YES;
				ENABLE_USER_SCRIPT_SANDBOXING = YES;
				GCC_C_LANGUAGE_STANDARD = gnu17;
				GCC_DYNAMIC_NO_PIC = NO;
				GCC_NO_COMMON_BLOCKS = YES;
				GCC_OPTIMIZATION_LEVEL = 0;
				GCC_PREPROCESSOR_DEFINITIONS = (
					"DEBUG=1",
					"$(inherited)",
				);
				GCC_WARN_64_TO_32_BIT_CONVERSION = YES;
				GCC_WARN_ABOUT_RETURN_TYPE = YES_ERROR;
				GCC_WARN_UNDECLARED_SELECTOR = YES;
				GCC_WARN_UNINITIALIZED_AUTOS = YES_AGGRESSIVE;
				GCC_WARN_UNUSED_FUNCTION = YES;
				GCC_WARN_UNUSED_VARIABLE = YES;
				IPHONEOS_DEPLOYMENT_TARGET = 17.0;
				LOCALIZATION_PREFERS_STRING_CATALOGS = YES;
				MTL_ENABLE_DEBUG_INFO = INCLUDE_SOURCE;
				MTL_FAST_MATH = YES;
				ONLY_ACTIVE_ARCH = YES;
				SDKROOT = iphoneos;
				SWIFT_ACTIVE_COMPILATION_CONDITIONS = "DEBUG $(inherited)";
				SWIFT_OPTIMIZATION_LEVEL = "-Onone";
			};
			name = Debug;
		};
		BF63E3DB2DB1C84F0037CD02 /* Release */ = {
			isa = XCBuildConfiguration;
			buildSettings = {
				ALWAYS_SEARCH_USER_PATHS = NO;
				ASSETCATALOG_COMPILER_GENERATE_SWIFT_ASSET_SYMBOL_EXTENSIONS = YES;
				CLANG_ANALYZER_NONNULL = YES;
				CLANG_ANALYZER_NUMBER_OBJECT_CONVERSION = YES_AGGRESSIVE;
				CLANG_CXX_LANGUAGE_STANDARD = "gnu++20";
				CLANG_ENABLE_MODULES = YES;
				CLANG_ENABLE_OBJC_ARC = YES;
				CLANG_ENABLE_OBJC_WEAK = YES;
				CLANG_WARN_BLOCK_CAPTURE_AUTORELEASING = YES;
				CLANG_WARN_BOOL_CONVERSION = YES;
				CLANG_WARN_COMMA = YES;
				CLANG_WARN_CONSTANT_CONVERSION = YES;
				CLANG_WARN_DEPRECATED_OBJC_IMPLEMENTATIONS = YES;
				CLANG_WARN_DIRECT_OBJC_ISA_USAGE = YES_ERROR;
				CLANG_WARN_DOCUMENTATION_COMMENTS = YES;
				CLANG_WARN_EMPTY_BODY = YES;
				CLANG_WARN_ENUM_CONVERSION = YES;
				CLANG_WARN_INFINITE_RECURSION = YES;
				CLANG_WARN_INT_CONVERSION = YES;
				CLANG_WARN_NON_LITERAL_NULL_CONVERSION = YES;
				CLANG_WARN_OBJC_IMPLICIT_RETAIN_SELF = YES;
				CLANG_WARN_OBJC_LITERAL_CONVERSION = YES;
				CLANG_WARN_OBJC_ROOT_CLASS = YES_ERROR;
				CLANG_WARN_QUOTED_INCLUDE_IN_FRAMEWORK_HEADER = YES;
				CLANG_WARN_RANGE_LOOP_ANALYSIS = YES;
				CLANG_WARN_STRICT_PROTOTYPES = YES;
				CLANG_WARN_SUSPICIOUS_MOVE = YES;
				CLANG_WARN_UNGUARDED_AVAILABILITY = YES_AGGRESSIVE;
				CLANG_WARN_UNREACHABLE_CODE = YES;
				CLANG_WARN__DUPLICATE_METHOD_MATCH = YES;
				COPY_PHASE_STRIP = NO;
				DEBUG_INFORMATION_FORMAT = "dwarf-with-dsym";
				DEVELOPMENT_TEAM = 6DKP9BK9LF;
				ENABLE_NS_ASSERTIONS = NO;
				ENABLE_STRICT_OBJC_MSGSEND = YES;
				ENABLE_USER_SCRIPT_SANDBOXING = YES;
				GCC_C_LANGUAGE_STANDARD = gnu17;
				GCC_NO_COMMON_BLOCKS = YES;
				GCC_WARN_64_TO_32_BIT_CONVERSION = YES;
				GCC_WARN_ABOUT_RETURN_TYPE = YES_ERROR;
				GCC_WARN_UNDECLARED_SELECTOR = YES;
				GCC_WARN_UNINITIALIZED_AUTOS = YES_AGGRESSIVE;
				GCC_WARN_UNUSED_FUNCTION = YES;
				GCC_WARN_UNUSED_VARIABLE = YES;
				IPHONEOS_DEPLOYMENT_TARGET = 17.0;
				LOCALIZATION_PREFERS_STRING_CATALOGS = YES;
				MTL_ENABLE_DEBUG_INFO = NO;
				MTL_FAST_MATH = YES;
				SDKROOT = iphoneos;
				SWIFT_COMPILATION_MODE = wholemodule;
				VALIDATE_PRODUCT = YES;
			};
			name = Release;
		};
		BF63E3DD2DB1C84F0037CD02 /* Debug */ = {
			isa = XCBuildConfiguration;
			buildSettings = {
				ASSETCATALOG_COMPILER_APPICON_NAME = AppIcon;
				ASSETCATALOG_COMPILER_GLOBAL_ACCENT_COLOR_NAME = AccentColor;
				ASSETCATALOG_COMPILER_INCLUDE_ALL_APPICON_ASSETS = NO;
				CODE_SIGN_STYLE = Automatic;
				CURRENT_PROJECT_VERSION = 1;
				DEVELOPMENT_TEAM = HZ82J6CGHV;
				ENABLE_PREVIEWS = YES;
				GENERATE_INFOPLIST_FILE = YES;
				INFOPLIST_KEY_ApiBaseUrl = YOUR_API_BASE_URL_HERE;
				INFOPLIST_KEY_CFBundleDisplayName = "PT Champion";
				INFOPLIST_KEY_LSApplicationCategoryType = "public.app-category.healthcare-fitness";
				INFOPLIST_KEY_NSCameraUsageDescription = "This app needs camera access to analyze exercise form.";
				INFOPLIST_KEY_NSLocationWhenInUseUsageDescription = "This app needs location access to track workout routes.";
				INFOPLIST_KEY_UIApplicationSceneManifest_Generation = YES;
				INFOPLIST_KEY_UIApplicationSupportsIndirectInputEvents = YES;
				INFOPLIST_KEY_UILaunchScreen_Generation = YES;
				INFOPLIST_KEY_UISupportedInterfaceOrientations_iPad = "UIInterfaceOrientationPortrait UIInterfaceOrientationPortraitUpsideDown UIInterfaceOrientationLandscapeLeft UIInterfaceOrientationLandscapeRight";
				INFOPLIST_KEY_UISupportedInterfaceOrientations_iPhone = "UIInterfaceOrientationPortrait UIInterfaceOrientationLandscapeLeft UIInterfaceOrientationLandscapeRight";
				LD_RUNPATH_SEARCH_PATHS = (
					"$(inherited)",
					"@executable_path/Frameworks",
				);
				MARKETING_VERSION = 1.0;
				PRODUCT_BUNDLE_IDENTIFIER = com.toole.ptchampion;
				PRODUCT_MODULE_NAME = PTChampion;
				PRODUCT_NAME = "$(TARGET_NAME)";
				SWIFT_EMIT_LOC_STRINGS = YES;
				SWIFT_VERSION = 5.0;
				TARGETED_DEVICE_FAMILY = "1,2";
			};
			name = Debug;
		};
		BF63E3DE2DB1C84F0037CD02 /* Release */ = {
			isa = XCBuildConfiguration;
			buildSettings = {
				ASSETCATALOG_COMPILER_APPICON_NAME = AppIcon;
				ASSETCATALOG_COMPILER_GLOBAL_ACCENT_COLOR_NAME = AccentColor;
				ASSETCATALOG_COMPILER_INCLUDE_ALL_APPICON_ASSETS = NO;
				CODE_SIGN_STYLE = Automatic;
				CURRENT_PROJECT_VERSION = 1;
				DEVELOPMENT_TEAM = HZ82J6CGHV;
				ENABLE_PREVIEWS = YES;
				GENERATE_INFOPLIST_FILE = YES;
				INFOPLIST_KEY_ApiBaseUrl = YOUR_API_BASE_URL_HERE;
				INFOPLIST_KEY_CFBundleDisplayName = "PT Champion";
				INFOPLIST_KEY_LSApplicationCategoryType = "public.app-category.healthcare-fitness";
				INFOPLIST_KEY_NSCameraUsageDescription = "This app needs camera access to analyze exercise form.";
				INFOPLIST_KEY_NSLocationWhenInUseUsageDescription = "This app needs location access to track workout routes.";
				INFOPLIST_KEY_UIApplicationSceneManifest_Generation = YES;
				INFOPLIST_KEY_UIApplicationSupportsIndirectInputEvents = YES;
				INFOPLIST_KEY_UILaunchScreen_Generation = YES;
				INFOPLIST_KEY_UISupportedInterfaceOrientations_iPad = "UIInterfaceOrientationPortrait UIInterfaceOrientationPortraitUpsideDown UIInterfaceOrientationLandscapeLeft UIInterfaceOrientationLandscapeRight";
				INFOPLIST_KEY_UISupportedInterfaceOrientations_iPhone = "UIInterfaceOrientationPortrait UIInterfaceOrientationLandscapeLeft UIInterfaceOrientationLandscapeRight";
				LD_RUNPATH_SEARCH_PATHS = (
					"$(inherited)",
					"@executable_path/Frameworks",
				);
				MARKETING_VERSION = 1.0;
				PRODUCT_BUNDLE_IDENTIFIER = com.toole.ptchampion;
				PRODUCT_MODULE_NAME = PTChampion;
				PRODUCT_NAME = "$(TARGET_NAME)";
				SWIFT_EMIT_LOC_STRINGS = YES;
				SWIFT_VERSION = 5.0;
				TARGETED_DEVICE_FAMILY = "1,2";
			};
			name = Release;
		};
		BF63E3E02DB1C84F0037CD02 /* Debug */ = {
			isa = XCBuildConfiguration;
			buildSettings = {
				BUNDLE_LOADER = "$(TEST_HOST)";
				CODE_SIGN_STYLE = Automatic;
				CURRENT_PROJECT_VERSION = 1;
				DEVELOPMENT_TEAM = 6DKP9BK9LF;
				GENERATE_INFOPLIST_FILE = YES;
				IPHONEOS_DEPLOYMENT_TARGET = 17.0;
				MARKETING_VERSION = 1.0;
				PRODUCT_BUNDLE_IDENTIFIER = com.toole.ptchampion;
				PRODUCT_MODULE_NAME = PTChampion;
				PRODUCT_NAME = "$(TARGET_NAME)";
				SWIFT_EMIT_LOC_STRINGS = NO;
				SWIFT_VERSION = 5.0;
				TARGETED_DEVICE_FAMILY = "1,2";
				TEST_HOST = "$(BUILT_PRODUCTS_DIR)/ptchampion.app/$(BUNDLE_EXECUTABLE_FOLDER_PATH)/ptchampion";
			};
			name = Debug;
		};
		BF63E3E12DB1C84F0037CD02 /* Release */ = {
			isa = XCBuildConfiguration;
			buildSettings = {
				BUNDLE_LOADER = "$(TEST_HOST)";
				CODE_SIGN_STYLE = Automatic;
				CURRENT_PROJECT_VERSION = 1;
				DEVELOPMENT_TEAM = 6DKP9BK9LF;
				GENERATE_INFOPLIST_FILE = YES;
				IPHONEOS_DEPLOYMENT_TARGET = 17.0;
				MARKETING_VERSION = 1.0;
				PRODUCT_BUNDLE_IDENTIFIER = com.toole.ptchampion;
				PRODUCT_MODULE_NAME = PTChampion;
				PRODUCT_NAME = "$(TARGET_NAME)";
				SWIFT_EMIT_LOC_STRINGS = NO;
				SWIFT_VERSION = 5.0;
				TARGETED_DEVICE_FAMILY = "1,2";
				TEST_HOST = "$(BUILT_PRODUCTS_DIR)/ptchampion.app/$(BUNDLE_EXECUTABLE_FOLDER_PATH)/ptchampion";
			};
			name = Release;
		};
		BF63E3E32DB1C84F0037CD02 /* Debug */ = {
			isa = XCBuildConfiguration;
			buildSettings = {
				CODE_SIGN_STYLE = Automatic;
				CURRENT_PROJECT_VERSION = 1;
				DEVELOPMENT_TEAM = 6DKP9BK9LF;
				GENERATE_INFOPLIST_FILE = YES;
				MARKETING_VERSION = 1.0;
				PRODUCT_BUNDLE_IDENTIFIER = com.toole.ptchampion;
				PRODUCT_MODULE_NAME = PTChampion;
				PRODUCT_NAME = "$(TARGET_NAME)";
				SWIFT_EMIT_LOC_STRINGS = NO;
				SWIFT_VERSION = 5.0;
				TARGETED_DEVICE_FAMILY = "1,2";
				TEST_TARGET_NAME = ptchampion;
			};
			name = Debug;
		};
		BF63E3E42DB1C84F0037CD02 /* Release */ = {
			isa = XCBuildConfiguration;
			buildSettings = {
				CODE_SIGN_STYLE = Automatic;
				CURRENT_PROJECT_VERSION = 1;
				DEVELOPMENT_TEAM = 6DKP9BK9LF;
				GENERATE_INFOPLIST_FILE = YES;
				MARKETING_VERSION = 1.0;
				PRODUCT_BUNDLE_IDENTIFIER = com.toole.ptchampion;
				PRODUCT_MODULE_NAME = PTChampion;
				PRODUCT_NAME = "$(TARGET_NAME)";
				SWIFT_EMIT_LOC_STRINGS = NO;
				SWIFT_VERSION = 5.0;
				TARGETED_DEVICE_FAMILY = "1,2";
				TEST_TARGET_NAME = ptchampion;
			};
			name = Release;
		};
/* End XCBuildConfiguration section */

/* Begin XCConfigurationList section */
		BF63E3B42DB1C84E0037CD02 /* Build configuration list for PBXProject "ptchampion" */ = {
			isa = XCConfigurationList;
			buildConfigurations = (
				BF63E3DA2DB1C84F0037CD02 /* Debug */,
				BF63E3DB2DB1C84F0037CD02 /* Release */,
			);
			defaultConfigurationIsVisible = 0;
			defaultConfigurationName = Release;
		};
		BF63E3DC2DB1C84F0037CD02 /* Build configuration list for PBXNativeTarget "ptchampion" */ = {
			isa = XCConfigurationList;
			buildConfigurations = (
				BF63E3DD2DB1C84F0037CD02 /* Debug */,
				BF63E3DE2DB1C84F0037CD02 /* Release */,
			);
			defaultConfigurationIsVisible = 0;
			defaultConfigurationName = Release;
		};
		BF63E3DF2DB1C84F0037CD02 /* Build configuration list for PBXNativeTarget "ptchampionTests" */ = {
			isa = XCConfigurationList;
			buildConfigurations = (
				BF63E3E02DB1C84F0037CD02 /* Debug */,
				BF63E3E12DB1C84F0037CD02 /* Release */,
			);
			defaultConfigurationIsVisible = 0;
			defaultConfigurationName = Release;
		};
		BF63E3E22DB1C84F0037CD02 /* Build configuration list for PBXNativeTarget "ptchampionUITests" */ = {
			isa = XCConfigurationList;
			buildConfigurations = (
				BF63E3E32DB1C84F0037CD02 /* Debug */,
				BF63E3E42DB1C84F0037CD02 /* Release */,
			);
			defaultConfigurationIsVisible = 0;
			defaultConfigurationName = Release;
		};
/* End XCConfigurationList section */

/* Begin XCLocalSwiftPackageReference section */
		BFE0AAF42DC7A21D00646B30 /* XCLocalSwiftPackageReference "../PTDesignSystem" */ = {
			isa = XCLocalSwiftPackageReference;
			relativePath = ../PTDesignSystem;
		};
/* End XCLocalSwiftPackageReference section */

/* Begin XCSwiftPackageProductDependency section */
		BF5D31802DC7F6C40042EE65 /* Components */ = {
			isa = XCSwiftPackageProductDependency;
			package = BFE0AAF42DC7A21D00646B30 /* XCLocalSwiftPackageReference "../PTDesignSystem" */;
			productName = Components;
		};
		BF5D31822DC7F6C40042EE65 /* DesignTokens */ = {
			isa = XCSwiftPackageProductDependency;
			package = BFE0AAF42DC7A21D00646B30 /* XCLocalSwiftPackageReference "../PTDesignSystem" */;
			productName = DesignTokens;
		};
		BF5D31842DC7F6C40042EE65 /* PTDesignSystem */ = {
			isa = XCSwiftPackageProductDependency;
			package = BFE0AAF42DC7A21D00646B30 /* XCLocalSwiftPackageReference "../PTDesignSystem" */;
			productName = PTDesignSystem;
		};
		BF60DF352DC7C8D0003487DB /* PTDesignSystem */ = {
			isa = XCSwiftPackageProductDependency;
			package = BFE0AAF42DC7A21D00646B30 /* XCLocalSwiftPackageReference "../PTDesignSystem" */;
			productName = PTDesignSystem;
		};
/* End XCSwiftPackageProductDependency section */
	};
	rootObject = BF63E3B12DB1C84E0037CD02 /* Project object */;
}
