// !$*UTF8*$!
{
	archiveVersion = 1;
	classes = {
	};
	objectVersion = 77;
	objects = {

/* Begin PBXContainerItemProxy section */
		BF1481402DB0952E0051B5F2 /* PBXContainerItemProxy */ = {
			isa = PBXContainerItemProxy;
			containerPortal = BF14812A2DB0952D0051B5F2 /* Project object */;
			proxyType = 1;
			remoteGlobalIDString = BF1481312DB0952D0051B5F2;
			remoteInfo = "PT Champion";
		};
		BF14814A2DB0952E0051B5F2 /* PBXContainerItemProxy */ = {
			isa = PBXContainerItemProxy;
			containerPortal = BF14812A2DB0952D0051B5F2 /* Project object */;
			proxyType = 1;
			remoteGlobalIDString = BF1481312DB0952D0051B5F2;
			remoteInfo = "PT Champion";
		};
/* End PBXContainerItemProxy section */

/* Begin PBXFileReference section */
		BF1481322DB0952D0051B5F2 /* PT Champion.app */ = {isa = PBXFileReference; explicitFileType = wrapper.application; includeInIndex = 0; path = "PT Champion.app"; sourceTree = BUILT_PRODUCTS_DIR; };
		BF14813F2DB0952E0051B5F2 /* PT ChampionTests.xctest */ = {isa = PBXFileReference; explicitFileType = wrapper.cfbundle; includeInIndex = 0; path = "PT ChampionTests.xctest"; sourceTree = BUILT_PRODUCTS_DIR; };
		BF1481492DB0952E0051B5F2 /* PT ChampionUITests.xctest */ = {isa = PBXFileReference; explicitFileType = wrapper.cfbundle; includeInIndex = 0; path = "PT ChampionUITests.xctest"; sourceTree = BUILT_PRODUCTS_DIR; };
/* End PBXFileReference section */

/* Begin PBXFileSystemSynchronizedRootGroup section */
		BF1481342DB0952D0051B5F2 /* PT Champion */ = {
			isa = PBXFileSystemSynchronizedRootGroup;
			path = "PT Champion";
			sourceTree = "<group>";
		};
		BF1481422DB0952E0051B5F2 /* PT ChampionTests */ = {
			isa = PBXFileSystemSynchronizedRootGroup;
			path = "PT ChampionTests";
			sourceTree = "<group>";
		};
		BF14814C2DB0952E0051B5F2 /* PT ChampionUITests */ = {
			isa = PBXFileSystemSynchronizedRootGroup;
			path = "PT ChampionUITests";
			sourceTree = "<group>";
		};
/* End PBXFileSystemSynchronizedRootGroup section */

/* Begin PBXFrameworksBuildPhase section */
		BF14812F2DB0952D0051B5F2 /* Frameworks */ = {
			isa = PBXFrameworksBuildPhase;
			buildActionMask = 2147483647;
			files = (
			);
			runOnlyForDeploymentPostprocessing = 0;
		};
		BF14813C2DB0952E0051B5F2 /* Frameworks */ = {
			isa = PBXFrameworksBuildPhase;
			buildActionMask = 2147483647;
			files = (
			);
			runOnlyForDeploymentPostprocessing = 0;
		};
		BF1481462DB0952E0051B5F2 /* Frameworks */ = {
			isa = PBXFrameworksBuildPhase;
			buildActionMask = 2147483647;
			files = (
			);
			runOnlyForDeploymentPostprocessing = 0;
		};
/* End PBXFrameworksBuildPhase section */

/* Begin PBXGroup section */
		BF1481292DB0952D0051B5F2 = {
			isa = PBXGroup;
			children = (
				BF1481342DB0952D0051B5F2 /* PT Champion */,
				BF1481422DB0952E0051B5F2 /* PT ChampionTests */,
				BF14814C2DB0952E0051B5F2 /* PT ChampionUITests */,
				BF1481332DB0952D0051B5F2 /* Products */,
			);
			sourceTree = "<group>";
		};
		BF1481332DB0952D0051B5F2 /* Products */ = {
			isa = PBXGroup;
			children = (
				BF1481322DB0952D0051B5F2 /* PT Champion.app */,
				BF14813F2DB0952E0051B5F2 /* PT ChampionTests.xctest */,
				BF1481492DB0952E0051B5F2 /* PT ChampionUITests.xctest */,
			);
			name = Products;
			sourceTree = "<group>";
		};
/* End PBXGroup section */

/* Begin PBXNativeTarget section */
		BF1481312DB0952D0051B5F2 /* PT Champion */ = {
			isa = PBXNativeTarget;
			buildConfigurationList = BF1481532DB0952E0051B5F2 /* Build configuration list for PBXNativeTarget "PT Champion" */;
			buildPhases = (
				BF14812E2DB0952D0051B5F2 /* Sources */,
				BF14812F2DB0952D0051B5F2 /* Frameworks */,
				BF1481302DB0952D0051B5F2 /* Resources */,
			);
			buildRules = (
			);
			dependencies = (
			);
			fileSystemSynchronizedGroups = (
				BF1481342DB0952D0051B5F2 /* PT Champion */,
			);
			name = "PT Champion";
			packageProductDependencies = (
			);
			productName = "PT Champion";
			productReference = BF1481322DB0952D0051B5F2 /* PT Champion.app */;
			productType = "com.apple.product-type.application";
		};
		BF14813E2DB0952E0051B5F2 /* PT ChampionTests */ = {
			isa = PBXNativeTarget;
			buildConfigurationList = BF1481562DB0952E0051B5F2 /* Build configuration list for PBXNativeTarget "PT ChampionTests" */;
			buildPhases = (
				BF14813B2DB0952E0051B5F2 /* Sources */,
				BF14813C2DB0952E0051B5F2 /* Frameworks */,
				BF14813D2DB0952E0051B5F2 /* Resources */,
			);
			buildRules = (
			);
			dependencies = (
				BF1481412DB0952E0051B5F2 /* PBXTargetDependency */,
			);
			fileSystemSynchronizedGroups = (
				BF1481422DB0952E0051B5F2 /* PT ChampionTests */,
			);
			name = "PT ChampionTests";
			packageProductDependencies = (
			);
			productName = "PT ChampionTests";
			productReference = BF14813F2DB0952E0051B5F2 /* PT ChampionTests.xctest */;
			productType = "com.apple.product-type.bundle.unit-test";
		};
		BF1481482DB0952E0051B5F2 /* PT ChampionUITests */ = {
			isa = PBXNativeTarget;
			buildConfigurationList = BF1481592DB0952E0051B5F2 /* Build configuration list for PBXNativeTarget "PT ChampionUITests" */;
			buildPhases = (
				BF1481452DB0952E0051B5F2 /* Sources */,
				BF1481462DB0952E0051B5F2 /* Frameworks */,
				BF1481472DB0952E0051B5F2 /* Resources */,
			);
			buildRules = (
			);
			dependencies = (
				BF14814B2DB0952E0051B5F2 /* PBXTargetDependency */,
			);
			fileSystemSynchronizedGroups = (
				BF14814C2DB0952E0051B5F2 /* PT ChampionUITests */,
			);
			name = "PT ChampionUITests";
			packageProductDependencies = (
			);
			productName = "PT ChampionUITests";
			productReference = BF1481492DB0952E0051B5F2 /* PT ChampionUITests.xctest */;
			productType = "com.apple.product-type.bundle.ui-testing";
		};
/* End PBXNativeTarget section */

/* Begin PBXProject section */
		BF14812A2DB0952D0051B5F2 /* Project object */ = {
			isa = PBXProject;
			attributes = {
				BuildIndependentTargetsInParallel = 1;
				LastSwiftUpdateCheck = 1630;
				LastUpgradeCheck = 1630;
				TargetAttributes = {
					BF1481312DB0952D0051B5F2 = {
						CreatedOnToolsVersion = 16.3;
					};
					BF14813E2DB0952E0051B5F2 = {
						CreatedOnToolsVersion = 16.3;
						TestTargetID = BF1481312DB0952D0051B5F2;
					};
					BF1481482DB0952E0051B5F2 = {
						CreatedOnToolsVersion = 16.3;
						TestTargetID = BF1481312DB0952D0051B5F2;
					};
				};
			};
			buildConfigurationList = BF14812D2DB0952D0051B5F2 /* Build configuration list for PBXProject "PT Champion" */;
			developmentRegion = en;
			hasScannedForEncodings = 0;
			knownRegions = (
				en,
				Base,
			);
			mainGroup = BF1481292DB0952D0051B5F2;
			minimizedProjectReferenceProxies = 1;
			preferredProjectObjectVersion = 77;
			productRefGroup = BF1481332DB0952D0051B5F2 /* Products */;
			projectDirPath = "";
			projectRoot = "";
			targets = (
				BF1481312DB0952D0051B5F2 /* PT Champion */,
				BF14813E2DB0952E0051B5F2 /* PT ChampionTests */,
				BF1481482DB0952E0051B5F2 /* PT ChampionUITests */,
			);
		};
/* End PBXProject section */

/* Begin PBXResourcesBuildPhase section */
		BF1481302DB0952D0051B5F2 /* Resources */ = {
			isa = PBXResourcesBuildPhase;
			buildActionMask = 2147483647;
			files = (
			);
			runOnlyForDeploymentPostprocessing = 0;
		};
		BF14813D2DB0952E0051B5F2 /* Resources */ = {
			isa = PBXResourcesBuildPhase;
			buildActionMask = 2147483647;
			files = (
			);
			runOnlyForDeploymentPostprocessing = 0;
		};
		BF1481472DB0952E0051B5F2 /* Resources */ = {
			isa = PBXResourcesBuildPhase;
			buildActionMask = 2147483647;
			files = (
			);
			runOnlyForDeploymentPostprocessing = 0;
		};
/* End PBXResourcesBuildPhase section */

/* Begin PBXSourcesBuildPhase section */
		BF14812E2DB0952D0051B5F2 /* Sources */ = {
			isa = PBXSourcesBuildPhase;
			buildActionMask = 2147483647;
			files = (
			);
			runOnlyForDeploymentPostprocessing = 0;
		};
		BF14813B2DB0952E0051B5F2 /* Sources */ = {
			isa = PBXSourcesBuildPhase;
			buildActionMask = 2147483647;
			files = (
			);
			runOnlyForDeploymentPostprocessing = 0;
		};
		BF1481452DB0952E0051B5F2 /* Sources */ = {
			isa = PBXSourcesBuildPhase;
			buildActionMask = 2147483647;
			files = (
			);
			runOnlyForDeploymentPostprocessing = 0;
		};
/* End PBXSourcesBuildPhase section */

/* Begin PBXTargetDependency section */
		BF1481412DB0952E0051B5F2 /* PBXTargetDependency */ = {
			isa = PBXTargetDependency;
			target = BF1481312DB0952D0051B5F2 /* PT Champion */;
			targetProxy = BF1481402DB0952E0051B5F2 /* PBXContainerItemProxy */;
		};
		BF14814B2DB0952E0051B5F2 /* PBXTargetDependency */ = {
			isa = PBXTargetDependency;
			target = BF1481312DB0952D0051B5F2 /* PT Champion */;
			targetProxy = BF14814A2DB0952E0051B5F2 /* PBXContainerItemProxy */;
		};
/* End PBXTargetDependency section */

/* Begin XCBuildConfiguration section */
		BF1481512DB0952E0051B5F2 /* Debug */ = {
			isa = XCBuildConfiguration;
			buildSettings = {
				ALWAYS_SEARCH_USER_PATHS = NO;
				ASSETCATALOG_COMPILER_GENERATE_SWIFT_ASSET_SYMBOL_EXTENSIONS = YES;
				CLANG_ANALYZER_NONNULL = YES;
				CLANG_ANALYZER_NUMBER_OBJECT_CONVERSION = YES_AGGRESSIVE;
				CLANG_CXX_LANGUAGE_STANDARD = "gnu++20";
				CLANG_ENABLE_MODULES = YES;
				CLANG_ENABLE_OBJC_ARC = YES;
				CLANG_ENABLE_OBJC_WEAK = YES;
				CLANG_WARN_BLOCK_CAPTURE_AUTORELEASING = YES;
				CLANG_WARN_BOOL_CONVERSION = YES;
				CLANG_WARN_COMMA = YES;
				CLANG_WARN_CONSTANT_CONVERSION = YES;
				CLANG_WARN_DEPRECATED_OBJC_IMPLEMENTATIONS = YES;
				CLANG_WARN_DIRECT_OBJC_ISA_USAGE = YES_ERROR;
				CLANG_WARN_DOCUMENTATION_COMMENTS = YES;
				CLANG_WARN_EMPTY_BODY = YES;
				CLANG_WARN_ENUM_CONVERSION = YES;
				CLANG_WARN_INFINITE_RECURSION = YES;
				CLANG_WARN_INT_CONVERSION = YES;
				CLANG_WARN_NON_LITERAL_NULL_CONVERSION = YES;
				CLANG_WARN_OBJC_IMPLICIT_RETAIN_SELF = YES;
				CLANG_WARN_OBJC_LITERAL_CONVERSION = YES;
				CLANG_WARN_OBJC_ROOT_CLASS = YES_ERROR;
				CLANG_WARN_QUOTED_INCLUDE_IN_FRAMEWORK_HEADER = YES;
				CLANG_WARN_RANGE_LOOP_ANALYSIS = YES;
				CLANG_WARN_STRICT_PROTOTYPES = YES;
				CLANG_WARN_SUSPICIOUS_MOVE = YES;
				CLANG_WARN_UNGUARDED_AVAILABILITY = YES_AGGRESSIVE;
				CLANG_WARN_UNREACHABLE_CODE = YES;
				CLANG_WARN__DUPLICATE_METHOD_MATCH = YES;
				COPY_PHASE_STRIP = NO;
				DEBUG_INFORMATION_FORMAT = dwarf;
				DEVELOPMENT_TEAM = 6DKP9BK9LF;
				ENABLE_STRICT_OBJC_MSGSEND = YES;
				ENABLE_TESTABILITY = YES;
				ENABLE_USER_SCRIPT_SANDBOXING = YES;
				GCC_C_LANGUAGE_STANDARD = gnu17;
				GCC_DYNAMIC_NO_PIC = NO;
				GCC_NO_COMMON_BLOCKS = YES;
				GCC_OPTIMIZATION_LEVEL = 0;
				GCC_PREPROCESSOR_DEFINITIONS = (
					"DEBUG=1",
					"$(inherited)",
				);
				GCC_WARN_64_TO_32_BIT_CONVERSION = YES;
				GCC_WARN_ABOUT_RETURN_TYPE = YES_ERROR;
				GCC_WARN_UNDECLARED_SELECTOR = YES;
				GCC_WARN_UNINITIALIZED_AUTOS = YES_AGGRESSIVE;
				GCC_WARN_UNUSED_FUNCTION = YES;
				GCC_WARN_UNUSED_VARIABLE = YES;
				IPHONEOS_DEPLOYMENT_TARGET = 18.4;
				LOCALIZATION_PREFERS_STRING_CATALOGS = YES;
				MTL_ENABLE_DEBUG_INFO = INCLUDE_SOURCE;
				MTL_FAST_MATH = YES;
				ONLY_ACTIVE_ARCH = YES;
				SDKROOT = iphoneos;
				SWIFT_ACTIVE_COMPILATION_CONDITIONS = "DEBUG $(inherited)";
				SWIFT_OPTIMIZATION_LEVEL = "-Onone";
			};
			name = Debug;
		};
		BF1481522DB0952E0051B5F2 /* Release */ = {
			isa = XCBuildConfiguration;
			buildSettings = {
				ALWAYS_SEARCH_USER_PATHS = NO;
				ASSETCATALOG_COMPILER_GENERATE_SWIFT_ASSET_SYMBOL_EXTENSIONS = YES;
				CLANG_ANALYZER_NONNULL = YES;
				CLANG_ANALYZER_NUMBER_OBJECT_CONVERSION = YES_AGGRESSIVE;
				CLANG_CXX_LANGUAGE_STANDARD = "gnu++20";
				CLANG_ENABLE_MODULES = YES;
				CLANG_ENABLE_OBJC_ARC = YES;
				CLANG_ENABLE_OBJC_WEAK = YES;
				CLANG_WARN_BLOCK_CAPTURE_AUTORELEASING = YES;
				CLANG_WARN_BOOL_CONVERSION = YES;
				CLANG_WARN_COMMA = YES;
				CLANG_WARN_CONSTANT_CONVERSION = YES;
				CLANG_WARN_DEPRECATED_OBJC_IMPLEMENTATIONS = YES;
				CLANG_WARN_DIRECT_OBJC_ISA_USAGE = YES_ERROR;
				CLANG_WARN_DOCUMENTATION_COMMENTS = YES;
				CLANG_WARN_EMPTY_BODY = YES;
				CLANG_WARN_ENUM_CONVERSION = YES;
				CLANG_WARN_INFINITE_RECURSION = YES;
				CLANG_WARN_INT_CONVERSION = YES;
				CLANG_WARN_NON_LITERAL_NULL_CONVERSION = YES;
				CLANG_WARN_OBJC_IMPLICIT_RETAIN_SELF = YES;
				CLANG_WARN_OBJC_LITERAL_CONVERSION = YES;
				CLANG_WARN_OBJC_ROOT_CLASS = YES_ERROR;
				CLANG_WARN_QUOTED_INCLUDE_IN_FRAMEWORK_HEADER = YES;
				CLANG_WARN_RANGE_LOOP_ANALYSIS = YES;
				CLANG_WARN_STRICT_PROTOTYPES = YES;
				CLANG_WARN_SUSPICIOUS_MOVE = YES;
				CLANG_WARN_UNGUARDED_AVAILABILITY = YES_AGGRESSIVE;
				CLANG_WARN_UNREACHABLE_CODE = YES;
				CLANG_WARN__DUPLICATE_METHOD_MATCH = YES;
				COPY_PHASE_STRIP = NO;
				DEBUG_INFORMATION_FORMAT = "dwarf-with-dsym";
				DEVELOPMENT_TEAM = 6DKP9BK9LF;
				ENABLE_NS_ASSERTIONS = NO;
				ENABLE_STRICT_OBJC_MSGSEND = YES;
				ENABLE_USER_SCRIPT_SANDBOXING = YES;
				GCC_C_LANGUAGE_STANDARD = gnu17;
				GCC_NO_COMMON_BLOCKS = YES;
				GCC_WARN_64_TO_32_BIT_CONVERSION = YES;
				GCC_WARN_ABOUT_RETURN_TYPE = YES_ERROR;
				GCC_WARN_UNDECLARED_SELECTOR = YES;
				GCC_WARN_UNINITIALIZED_AUTOS = YES_AGGRESSIVE;
				GCC_WARN_UNUSED_FUNCTION = YES;
				GCC_WARN_UNUSED_VARIABLE = YES;
				IPHONEOS_DEPLOYMENT_TARGET = 18.4;
				LOCALIZATION_PREFERS_STRING_CATALOGS = YES;
				MTL_ENABLE_DEBUG_INFO = NO;
				MTL_FAST_MATH = YES;
				SDKROOT = iphoneos;
				SWIFT_COMPILATION_MODE = wholemodule;
				VALIDATE_PRODUCT = YES;
			};
			name = Release;
		};
		BF1481542DB0952E0051B5F2 /* Debug */ = {
			isa = XCBuildConfiguration;
			buildSettings = {
				ASSETCATALOG_COMPILER_APPICON_NAME = AppIcon;
				ASSETCATALOG_COMPILER_GLOBAL_ACCENT_COLOR_NAME = AccentColor;
				CODE_SIGN_STYLE = Automatic;
				CURRENT_PROJECT_VERSION = 1;
				DEVELOPMENT_TEAM = 6DKP9BK9LF;
				ENABLE_PREVIEWS = YES;
				GENERATE_INFOPLIST_FILE = YES;
				INFOPLIST_KEY_UIApplicationSceneManifest_Generation = YES;
				INFOPLIST_KEY_UIApplicationSupportsIndirectInputEvents = YES;
				INFOPLIST_KEY_UILaunchScreen_Generation = YES;
				INFOPLIST_KEY_UISupportedInterfaceOrientations_iPad = "UIInterfaceOrientationPortrait UIInterfaceOrientationPortraitUpsideDown UIInterfaceOrientationLandscapeLeft UIInterfaceOrientationLandscapeRight";
				INFOPLIST_KEY_UISupportedInterfaceOrientations_iPhone = "UIInterfaceOrientationPortrait UIInterfaceOrientationLandscapeLeft UIInterfaceOrientationLandscapeRight";
				LD_RUNPATH_SEARCH_PATHS = (
					"$(inherited)",
					"@executable_path/Frameworks",
				);
				MARKETING_VERSION = 1.0;
				PRODUCT_BUNDLE_IDENTIFIER = "com.example.PT-Champion";
				PRODUCT_NAME = "$(TARGET_NAME)";
				SWIFT_EMIT_LOC_STRINGS = YES;
				SWIFT_VERSION = 5.0;
				TARGETED_DEVICE_FAMILY = "1,2";
			};
			name = Debug;
		};
		BF1481552DB0952E0051B5F2 /* Release */ = {
			isa = XCBuildConfiguration;
			buildSettings = {
				ASSETCATALOG_COMPILER_APPICON_NAME = AppIcon;
				ASSETCATALOG_COMPILER_GLOBAL_ACCENT_COLOR_NAME = AccentColor;
				CODE_SIGN_STYLE = Automatic;
				CURRENT_PROJECT_VERSION = 1;
				DEVELOPMENT_TEAM = 6DKP9BK9LF;
				ENABLE_PREVIEWS = YES;
				GENERATE_INFOPLIST_FILE = YES;
				INFOPLIST_KEY_UIApplicationSceneManifest_Generation = YES;
				INFOPLIST_KEY_UIApplicationSupportsIndirectInputEvents = YES;
				INFOPLIST_KEY_UILaunchScreen_Generation = YES;
				INFOPLIST_KEY_UISupportedInterfaceOrientations_iPad = "UIInterfaceOrientationPortrait UIInterfaceOrientationPortraitUpsideDown UIInterfaceOrientationLandscapeLeft UIInterfaceOrientationLandscapeRight";
				INFOPLIST_KEY_UISupportedInterfaceOrientations_iPhone = "UIInterfaceOrientationPortrait UIInterfaceOrientationLandscapeLeft UIInterfaceOrientationLandscapeRight";
				LD_RUNPATH_SEARCH_PATHS = (
					"$(inherited)",
					"@executable_path/Frameworks",
				);
				MARKETING_VERSION = 1.0;
				PRODUCT_BUNDLE_IDENTIFIER = "com.example.PT-Champion";
				PRODUCT_NAME = "$(TARGET_NAME)";
				SWIFT_EMIT_LOC_STRINGS = YES;
				SWIFT_VERSION = 5.0;
				TARGETED_DEVICE_FAMILY = "1,2";
			};
			name = Release;
		};
		BF1481572DB0952E0051B5F2 /* Debug */ = {
			isa = XCBuildConfiguration;
			buildSettings = {
				BUNDLE_LOADER = "$(TEST_HOST)";
				CODE_SIGN_STYLE = Automatic;
				CURRENT_PROJECT_VERSION = 1;
				DEVELOPMENT_TEAM = 6DKP9BK9LF;
				GENERATE_INFOPLIST_FILE = YES;
				IPHONEOS_DEPLOYMENT_TARGET = 18.4;
				MARKETING_VERSION = 1.0;
				PRODUCT_BUNDLE_IDENTIFIER = "com.example.PT-ChampionTests";
				PRODUCT_NAME = "$(TARGET_NAME)";
				SWIFT_EMIT_LOC_STRINGS = NO;
				SWIFT_VERSION = 5.0;
				TARGETED_DEVICE_FAMILY = "1,2";
				TEST_HOST = "$(BUILT_PRODUCTS_DIR)/PT Champion.app/$(BUNDLE_EXECUTABLE_FOLDER_PATH)/PT Champion";
			};
			name = Debug;
		};
		BF1481582DB0952E0051B5F2 /* Release */ = {
			isa = XCBuildConfiguration;
			buildSettings = {
				BUNDLE_LOADER = "$(TEST_HOST)";
				CODE_SIGN_STYLE = Automatic;
				CURRENT_PROJECT_VERSION = 1;
				DEVELOPMENT_TEAM = 6DKP9BK9LF;
				GENERATE_INFOPLIST_FILE = YES;
				IPHONEOS_DEPLOYMENT_TARGET = 18.4;
				MARKETING_VERSION = 1.0;
				PRODUCT_BUNDLE_IDENTIFIER = "com.example.PT-ChampionTests";
				PRODUCT_NAME = "$(TARGET_NAME)";
				SWIFT_EMIT_LOC_STRINGS = NO;
				SWIFT_VERSION = 5.0;
				TARGETED_DEVICE_FAMILY = "1,2";
				TEST_HOST = "$(BUILT_PRODUCTS_DIR)/PT Champion.app/$(BUNDLE_EXECUTABLE_FOLDER_PATH)/PT Champion";
			};
			name = Release;
		};
		BF14815A2DB0952E0051B5F2 /* Debug */ = {
			isa = XCBuildConfiguration;
			buildSettings = {
				CODE_SIGN_STYLE = Automatic;
				CURRENT_PROJECT_VERSION = 1;
				DEVELOPMENT_TEAM = 6DKP9BK9LF;
				GENERATE_INFOPLIST_FILE = YES;
				MARKETING_VERSION = 1.0;
				PRODUCT_BUNDLE_IDENTIFIER = "com.example.PT-ChampionUITests";
				PRODUCT_NAME = "$(TARGET_NAME)";
				SWIFT_EMIT_LOC_STRINGS = NO;
				SWIFT_VERSION = 5.0;
				TARGETED_DEVICE_FAMILY = "1,2";
				TEST_TARGET_NAME = "PT Champion";
			};
			name = Debug;
		};
		BF14815B2DB0952E0051B5F2 /* Release */ = {
			isa = XCBuildConfiguration;
			buildSettings = {
				CODE_SIGN_STYLE = Automatic;
				CURRENT_PROJECT_VERSION = 1;
				DEVELOPMENT_TEAM = 6DKP9BK9LF;
				GENERATE_INFOPLIST_FILE = YES;
				MARKETING_VERSION = 1.0;
				PRODUCT_BUNDLE_IDENTIFIER = "com.example.PT-ChampionUITests";
				PRODUCT_NAME = "$(TARGET_NAME)";
				SWIFT_EMIT_LOC_STRINGS = NO;
				SWIFT_VERSION = 5.0;
				TARGETED_DEVICE_FAMILY = "1,2";
				TEST_TARGET_NAME = "PT Champion";
			};
			name = Release;
		};
/* End XCBuildConfiguration section */

/* Begin XCConfigurationList section */
		BF14812D2DB0952D0051B5F2 /* Build configuration list for PBXProject "PT Champion" */ = {
			isa = XCConfigurationList;
			buildConfigurations = (
				BF1481512DB0952E0051B5F2 /* Debug */,
				BF1481522DB0952E0051B5F2 /* Release */,
			);
			defaultConfigurationIsVisible = 0;
			defaultConfigurationName = Release;
		};
		BF1481532DB0952E0051B5F2 /* Build configuration list for PBXNativeTarget "PT Champion" */ = {
			isa = XCConfigurationList;
			buildConfigurations = (
				BF1481542DB0952E0051B5F2 /* Debug */,
				BF1481552DB0952E0051B5F2 /* Release */,
			);
			defaultConfigurationIsVisible = 0;
			defaultConfigurationName = Release;
		};
		BF1481562DB0952E0051B5F2 /* Build configuration list for PBXNativeTarget "PT ChampionTests" */ = {
			isa = XCConfigurationList;
			buildConfigurations = (
				BF1481572DB0952E0051B5F2 /* Debug */,
				BF1481582DB0952E0051B5F2 /* Release */,
			);
			defaultConfigurationIsVisible = 0;
			defaultConfigurationName = Release;
		};
		BF1481592DB0952E0051B5F2 /* Build configuration list for PBXNativeTarget "PT ChampionUITests" */ = {
			isa = XCConfigurationList;
			buildConfigurations = (
				BF14815A2DB0952E0051B5F2 /* Debug */,
				BF14815B2DB0952E0051B5F2 /* Release */,
			);
			defaultConfigurationIsVisible = 0;
			defaultConfigurationName = Release;
		};
/* End XCConfigurationList section */
	};
	rootObject = BF14812A2DB0952D0051B5F2 /* Project object */;
}
